
Microsoft Visual Studio Solution File, Format Version 12.00
# Visual Studio 14
VisualStudioVersion = 14.0.25420.1
MinimumVisualStudioVersion = 10.0.40219.1
Project("{FAE04EC0-301F-11D3-BF4B-00C04F79EFBC}") = "AutoLaunchExample", "Auto\AutoLaunchExample\AutoLaunchExample.csproj", "{0C322A1D-DE40-455F-B042-1EA058806FE1}"
EndProject
Project("{FAE04EC0-301F-11D3-BF4B-00C04F79EFBC}") = "PluginSimpleExample", "Plugin\PluginSimpleExample\PluginSimpleExample.csproj", "{8309FB68-BBBF-44A2-A8CE-831F3D3B2331}"
EndProject
Project("{FAE04EC0-301F-11D3-BF4B-00C04F79EFBC}") = "ActiveXSimpleExample", "ActiveX\ActiveXSimpleExample\ActiveXSimpleExample.csproj", "{7080AE34-C4B4-4F6F-907D-93B70CA2AA26}"
EndProject
Project("{2150E333-8FDC-42A3-9474-1A3956D46DE8}") = "Active X", "Active X", "{0CAFA8F2-694D-4E15-B0F8-A905B6C7D70B}"
EndProject
Project("{2150E333-8FDC-42A3-9474-1A3956D46DE8}") = "Auto", "Auto", "{FEB55F70-5BBA-4048-8A87-6EBC58CE7F3D}"
EndProject
Project("{2150E333-8FDC-42A3-9474-1A3956D46DE8}") = "Plugins", "Plugins", "{19F27E54-3E7B-44E3-B0A2-7367CFA15BF0}"
EndProject
Project("{FAE04EC0-301F-11D3-BF4B-00C04F79EFBC}") = "AutoSelectionExample", "Auto\AutoSelectionExample\AutoSelectionExample.csproj", "{1FAD26CB-B0B7-4936-A0C1-02D26B35856C}"
EndProject
Project("{FAE04EC0-301F-11D3-BF4B-00C04F79EFBC}") = "AutoClashExample", "Auto\AutoClashExample\AutoClashExample.csproj", "{8DD64C9A-65AB-45F0-8163-4E25879A0443}"
EndProject
Project("{FAE04EC0-301F-11D3-BF4B-00C04F79EFBC}") = "ActiveXSnapshotExample", "ActiveX\ActiveXSnapshotExample\ActiveXSnapshotExample.csproj", "{C2F315CA-DA3F-460D-9376-3CC3353611E6}"
EndProject
Project("{FAE04EC0-301F-11D3-BF4B-00C04F79EFBC}") = "ActiveXLocaleSwitcherExample", "ActiveX\ActiveXLocaleSwitcherExample\ActiveXLocaleSwitcherExample.csproj", "{C050DBC5-B1FE-47DF-A43E-0AAA1CEC1C3C}"
EndProject
Project("{FAE04EC0-301F-11D3-BF4B-00C04F79EFBC}") = "ActiveXFindExample", "ActiveX\ActiveXFindExample\ActiveXFindExample.csproj", "{AA3F4C82-CFC0-4400-B312-96D448BF8451}"
EndProject
Project("{FAE04EC0-301F-11D3-BF4B-00C04F79EFBC}") = "ActiveXDumpStructureExample", "ActiveX\ActiveXDumpStructureExample\ActiveXDumpStructureExample.csproj", "{535B9D81-F086-42A5-BD79-7032126B2DCE}"
EndProject
Project("{FAE04EC0-301F-11D3-BF4B-00C04F79EFBC}") = "PluginClashRuleExample", "Plugin\PluginClashRuleExample\PluginClashRuleExample.csproj", "{FCAA10B4-6E32-4697-9D0F-E11537F371C1}"
EndProject
Project("{FAE04EC0-301F-11D3-BF4B-00C04F79EFBC}") = "PluginExportExample", "Plugin\PluginExportExample\PluginExportExample.csproj", "{4533CDF7-02A6-4455-A7DC-602A22D60CF0}"
EndProject
Project("{FAE04EC0-301F-11D3-BF4B-00C04F79EFBC}") = "PluginContextMenuLauncherExample", "Plugin\PluginContextMenuLauncherExample\PluginContextMenuLauncherExample.csproj", "{22D01847-83C9-4D6D-AF2D-94FD705ED089}"
EndProject
Project("{FAE04EC0-301F-11D3-BF4B-00C04F79EFBC}") = "PluginPropertyDatabaseLinkExample", "Plugin\PluginPropertyDatabaseExample\PluginPropertyDatabaseLinkExample.csproj", "{FEF4DE5C-F876-4291-9FE8-2529822EAEAF}"
EndProject
Project("{FAE04EC0-301F-11D3-BF4B-00C04F79EFBC}") = "AutoDrivePluginExample", "Auto\AutoDrivePluginExample\AutoDrivePluginExample.csproj", "{532556E7-217B-41AA-8F27-865E8C9BB22B}"
EndProject
Project("{FAE04EC0-301F-11D3-BF4B-00C04F79EFBC}") = "AutoUserPropsExample", "Auto\AutoUserPropsExample\AutoUserPropsExample.csproj", "{82A87515-DDDC-41E5-9A87-11442D0E03FB}"
EndProject
Global
	GlobalSection(SolutionConfigurationPlatforms) = preSolution
		Debug|Any CPU = Debug|Any CPU
		Release|Any CPU = Release|Any CPU
	EndGlobalSection
	GlobalSection(ProjectConfigurationPlatforms) = postSolution
		{0C322A1D-DE40-455F-B042-1EA058806FE1}.Debug|Any CPU.ActiveCfg = Debug|Any CPU
		{0C322A1D-DE40-455F-B042-1EA058806FE1}.Debug|Any CPU.Build.0 = Debug|Any CPU
		{0C322A1D-DE40-455F-B042-1EA058806FE1}.Release|Any CPU.ActiveCfg = Release|Any CPU
		{0C322A1D-DE40-455F-B042-1EA058806FE1}.Release|Any CPU.Build.0 = Release|Any CPU
		{8309FB68-BBBF-44A2-A8CE-831F3D3B2331}.Debug|Any CPU.ActiveCfg = Debug|Any CPU
		{8309FB68-BBBF-44A2-A8CE-831F3D3B2331}.Debug|Any CPU.Build.0 = Debug|Any CPU
		{8309FB68-BBBF-44A2-A8CE-831F3D3B2331}.Release|Any CPU.ActiveCfg = Release|Any CPU
		{8309FB68-BBBF-44A2-A8CE-831F3D3B2331}.Release|Any CPU.Build.0 = Release|Any CPU
		{7080AE34-C4B4-4F6F-907D-93B70CA2AA26}.Debug|Any CPU.ActiveCfg = Debug|Any CPU
		{7080AE34-C4B4-4F6F-907D-93B70CA2AA26}.Debug|Any CPU.Build.0 = Debug|Any CPU
		{7080AE34-C4B4-4F6F-907D-93B70CA2AA26}.Release|Any CPU.ActiveCfg = Release|Any CPU
		{7080AE34-C4B4-4F6F-907D-93B70CA2AA26}.Release|Any CPU.Build.0 = Release|Any CPU
		{1FAD26CB-B0B7-4936-A0C1-02D26B35856C}.Debug|Any CPU.ActiveCfg = Debug|Any CPU
		{1FAD26CB-B0B7-4936-A0C1-02D26B35856C}.Debug|Any CPU.Build.0 = Debug|Any CPU
		{1FAD26CB-B0B7-4936-A0C1-02D26B35856C}.Release|Any CPU.ActiveCfg = Release|Any CPU
		{1FAD26CB-B0B7-4936-A0C1-02D26B35856C}.Release|Any CPU.Build.0 = Release|Any CPU
		{8DD64C9A-65AB-45F0-8163-4E25879A0443}.Debug|Any CPU.ActiveCfg = Debug|Any CPU
		{8DD64C9A-65AB-45F0-8163-4E25879A0443}.Debug|Any CPU.Build.0 = Debug|Any CPU
		{8DD64C9A-65AB-45F0-8163-4E25879A0443}.Release|Any CPU.ActiveCfg = Release|Any CPU
		{8DD64C9A-65AB-45F0-8163-4E25879A0443}.Release|Any CPU.Build.0 = Release|Any CPU
		{C2F315CA-DA3F-460D-9376-3CC3353611E6}.Debug|Any CPU.ActiveCfg = Debug|Any CPU
		{C2F315CA-DA3F-460D-9376-3CC3353611E6}.Debug|Any CPU.Build.0 = Debug|Any CPU
		{C2F315CA-DA3F-460D-9376-3CC3353611E6}.Release|Any CPU.ActiveCfg = Release|Any CPU
		{C2F315CA-DA3F-460D-9376-3CC3353611E6}.Release|Any CPU.Build.0 = Release|Any CPU
		{C050DBC5-B1FE-47DF-A43E-0AAA1CEC1C3C}.Debug|Any CPU.ActiveCfg = Debug|Any CPU
		{C050DBC5-B1FE-47DF-A43E-0AAA1CEC1C3C}.Debug|Any CPU.Build.0 = Debug|Any CPU
		{C050DBC5-B1FE-47DF-A43E-0AAA1CEC1C3C}.Release|Any CPU.ActiveCfg = Release|Any CPU
		{C050DBC5-B1FE-47DF-A43E-0AAA1CEC1C3C}.Release|Any CPU.Build.0 = Release|Any CPU
		{AA3F4C82-CFC0-4400-B312-96D448BF8451}.Debug|Any CPU.ActiveCfg = Debug|Any CPU
		{AA3F4C82-CFC0-4400-B312-96D448BF8451}.Debug|Any CPU.Build.0 = Debug|Any CPU
		{AA3F4C82-CFC0-4400-B312-96D448BF8451}.Release|Any CPU.ActiveCfg = Release|Any CPU
		{AA3F4C82-CFC0-4400-B312-96D448BF8451}.Release|Any CPU.Build.0 = Release|Any CPU
		{535B9D81-F086-42A5-BD79-7032126B2DCE}.Debug|Any CPU.ActiveCfg = Debug|Any CPU
		{535B9D81-F086-42A5-BD79-7032126B2DCE}.Debug|Any CPU.Build.0 = Debug|Any CPU
		{535B9D81-F086-42A5-BD79-7032126B2DCE}.Release|Any CPU.ActiveCfg = Release|Any CPU
		{535B9D81-F086-42A5-BD79-7032126B2DCE}.Release|Any CPU.Build.0 = Release|Any CPU
		{FCAA10B4-6E32-4697-9D0F-E11537F371C1}.Debug|Any CPU.ActiveCfg = Debug|Any CPU
		{FCAA10B4-6E32-4697-9D0F-E11537F371C1}.Debug|Any CPU.Build.0 = Debug|Any CPU
		{FCAA10B4-6E32-4697-9D0F-E11537F371C1}.Release|Any CPU.ActiveCfg = Release|Any CPU
		{FCAA10B4-6E32-4697-9D0F-E11537F371C1}.Release|Any CPU.Build.0 = Release|Any CPU
		{4533CDF7-02A6-4455-A7DC-602A22D60CF0}.Debug|Any CPU.ActiveCfg = Debug|Any CPU
		{4533CDF7-02A6-4455-A7DC-602A22D60CF0}.Debug|Any CPU.Build.0 = Debug|Any CPU
		{4533CDF7-02A6-4455-A7DC-602A22D60CF0}.Release|Any CPU.ActiveCfg = Release|Any CPU
		{4533CDF7-02A6-4455-A7DC-602A22D60CF0}.Release|Any CPU.Build.0 = Release|Any CPU
		{22D01847-83C9-4D6D-AF2D-94FD705ED089}.Debug|Any CPU.ActiveCfg = Debug|Any CPU
		{22D01847-83C9-4D6D-AF2D-94FD705ED089}.Debug|Any CPU.Build.0 = Debug|Any CPU
		{22D01847-83C9-4D6D-AF2D-94FD705ED089}.Release|Any CPU.ActiveCfg = Release|Any CPU
		{22D01847-83C9-4D6D-AF2D-94FD705ED089}.Release|Any CPU.Build.0 = Release|Any CPU
		{FEF4DE5C-F876-4291-9FE8-2529822EAEAF}.Debug|Any CPU.ActiveCfg = Debug|Any CPU
		{FEF4DE5C-F876-4291-9FE8-2529822EAEAF}.Debug|Any CPU.Build.0 = Debug|Any CPU
		{FEF4DE5C-F876-4291-9FE8-2529822EAEAF}.Release|Any CPU.ActiveCfg = Release|Any CPU
		{FEF4DE5C-F876-4291-9FE8-2529822EAEAF}.Release|Any CPU.Build.0 = Release|Any CPU
		{532556E7-217B-41AA-8F27-865E8C9BB22B}.Debug|Any CPU.ActiveCfg = Debug|Any CPU
		{532556E7-217B-41AA-8F27-865E8C9BB22B}.Debug|Any CPU.Build.0 = Debug|Any CPU
		{532556E7-217B-41AA-8F27-865E8C9BB22B}.Release|Any CPU.ActiveCfg = Release|Any CPU
		{532556E7-217B-41AA-8F27-865E8C9BB22B}.Release|Any CPU.Build.0 = Release|Any CPU
		{82A87515-DDDC-41E5-9A87-11442D0E03FB}.Debug|Any CPU.ActiveCfg = Debug|Any CPU
		{82A87515-DDDC-41E5-9A87-11442D0E03FB}.Debug|Any CPU.Build.0 = Debug|Any CPU
		{82A87515-DDDC-41E5-9A87-11442D0E03FB}.Release|Any CPU.ActiveCfg = Release|Any CPU
		{82A87515-DDDC-41E5-9A87-11442D0E03FB}.Release|Any CPU.Build.0 = Release|Any CPU
	EndGlobalSection
	GlobalSection(SolutionProperties) = preSolution
		HideSolutionNode = FALSE
	EndGlobalSection
	GlobalSection(NestedProjects) = preSolution
		{0C322A1D-DE40-455F-B042-1EA058806FE1} = {FEB55F70-5BBA-4048-8A87-6EBC58CE7F3D}
		{8309FB68-BBBF-44A2-A8CE-831F3D3B2331} = {19F27E54-3E7B-44E3-B0A2-7367CFA15BF0}
		{7080AE34-C4B4-4F6F-907D-93B70CA2AA26} = {0CAFA8F2-694D-4E15-B0F8-A905B6C7D70B}
		{1FAD26CB-B0B7-4936-A0C1-02D26B35856C} = {FEB55F70-5BBA-4048-8A87-6EBC58CE7F3D}
		{8DD64C9A-65AB-45F0-8163-4E25879A0443} = {FEB55F70-5BBA-4048-8A87-6EBC58CE7F3D}
		{C2F315CA-DA3F-460D-9376-3CC3353611E6} = {0CAFA8F2-694D-4E15-B0F8-A905B6C7D70B}
		{C050DBC5-B1FE-47DF-A43E-0AAA1CEC1C3C} = {0CAFA8F2-694D-4E15-B0F8-A905B6C7D70B}
		{AA3F4C82-CFC0-4400-B312-96D448BF8451} = {0CAFA8F2-694D-4E15-B0F8-A905B6C7D70B}
		{535B9D81-F086-42A5-BD79-7032126B2DCE} = {0CAFA8F2-694D-4E15-B0F8-A905B6C7D70B}
		{FCAA10B4-6E32-4697-9D0F-E11537F371C1} = {19F27E54-3E7B-44E3-B0A2-7367CFA15BF0}
		{4533CDF7-02A6-4455-A7DC-602A22D60CF0} = {19F27E54-3E7B-44E3-B0A2-7367CFA15BF0}
		{22D01847-83C9-4D6D-AF2D-94FD705ED089} = {19F27E54-3E7B-44E3-B0A2-7367CFA15BF0}
		{FEF4DE5C-F876-4291-9FE8-2529822EAEAF} = {19F27E54-3E7B-44E3-B0A2-7367CFA15BF0}
		{532556E7-217B-41AA-8F27-865E8C9BB22B} = {FEB55F70-5BBA-4048-8A87-6EBC58CE7F3D}
		{82A87515-DDDC-41E5-9A87-11442D0E03FB} = {FEB55F70-5BBA-4048-8A87-6EBC58CE7F3D}
	EndGlobalSection
EndGlobal
