
Microsoft Visual Studio Solution File, Format Version 12.00
# Visual Studio Version 16
VisualStudioVersion = 16.0.31515.178
MinimumVisualStudioVersion = 10.0.40219.1
Project("{FAE04EC0-301F-11D3-BF4B-00C04F79EFBC}") = "CtrlWizNW", "CtrlWizNW\CtrlWizNW.csproj", "{0751EC69-4619-46D1-915E-01D38098A6FC}"
EndProject
Project("{54435603-DBB4-11D2-8724-00A0C9A8B90C}") = "CtrlWizNWSetup", "CtrlWizNWSetup\CtrlWizNWSetup.vdproj", "{F88230E4-992A-4488-B41D-A82871F3722F}"
EndProject
Project("{FAE04EC0-301F-11D3-BF4B-00C04F79EFBC}") = "XInputDotNetPure", "XInputDotNetPure\XInputDotNetPure.csproj", "{992A8698-0136-49BB-82DD-A477C899395B}"
EndProject
Project("{FAE04EC0-301F-11D3-BF4B-00C04F79EFBC}") = "CtrlWizRVT", "CtrlWizRVT\CtrlWizRVT.csproj", "{C53C06FA-4552-4748-8742-B2E8DF90BB73}"
EndProject
Project("{FAE04EC0-301F-11D3-BF4B-00C04F79EFBC}") = "CtrlWizLicense", "CtrlWizLicense\CtrlWizLicense.csproj", "{99EDC83D-7907-466C-9C66-A2D0301982D2}"
EndProject
Project("{FAE04EC0-301F-11D3-BF4B-00C04F79EFBC}") = "CtrlWizForms", "CtrlWizForms\CtrlWizForms.csproj", "{FCFF6A91-DAD6-4103-9044-EB845B58C652}"
EndProject
Project("{54435603-DBB4-11D2-8724-00A0C9A8B90C}") = "CtrlWizRVTSetup", "CtrlWizRVTSetup\CtrlWizRVTSetup.vdproj", "{C26B6AFB-D064-428D-839B-D88B12E8880C}"
EndProject
Project("{FAE04EC0-301F-11D3-BF4B-00C04F79EFBC}") = "CtrlWizInstallCustomAction", "CtrlWizInstallCustomAction\CtrlWizInstallCustomAction.csproj", "{F32A3FB1-76EC-4A36-89F5-D0A66C4BDEFE}"
EndProject
Project("{FAE04EC0-301F-11D3-BF4B-00C04F79EFBC}") = "FullPermissionTest", "FullPermissionTest\FullPermissionTest.csproj", "{F7136E15-0B97-4E54-868F-09E3D5457351}"
EndProject
Project("{FAE04EC0-301F-11D3-BF4B-00C04F79EFBC}") = "CtrlWizDirectoryPermissionCustomAction", "CtrlWizDirectoryPermissionCustomAction\CtrlWizDirectoryPermissionCustomAction.csproj", "{10166A2D-B6AD-4C5E-BAB5-EF3E4780ECA2}"
EndProject
Project("{FAE04EC0-301F-11D3-BF4B-00C04F79EFBC}") = "CtrlWizForms.CustomControls", "CtrlWizForms.CustomControls\CtrlWizForms.CustomControls.csproj", "{7216B9D2-1629-48FA-B6B5-E1A7FD101011}"
EndProject
Project("{FAE04EC0-301F-11D3-BF4B-00C04F79EFBC}") = "CtrlWizNW.UI", "CtrlWizNW.UI\CtrlWizNW.UI.csproj", "{189B8628-FC1D-4260-8AFB-87743DF2D55A}"
EndProject
Project("{FAE04EC0-301F-11D3-BF4B-00C04F79EFBC}") = "CtrlWiz.Logging", "CtrlWiz.Logging\CtrlWiz.Logging.csproj", "{E126F216-ABF6-4EC5-B268-CA234FEB41B5}"
EndProject
Project("{2150E333-8FDC-42A3-9474-1A3956D46DE8}") = "CtrlWiz.Installers", "CtrlWiz.Installers", "{AC947A98-3F53-4E3A-B897-1DA63C9228AE}"
EndProject
Global
	GlobalSection(SolutionConfigurationPlatforms) = preSolution
		Debug|Any CPU = Debug|Any CPU
		Debug|x64 = Debug|x64
		Debug|x86 = Debug|x86
		NW17|Any CPU = NW17|Any CPU
		NW17|x64 = NW17|x64
		NW17|x86 = NW17|x86
		NW18|Any CPU = NW18|Any CPU
		NW18|x64 = NW18|x64
		NW18|x86 = NW18|x86
		NW19|Any CPU = NW19|Any CPU
		NW19|x64 = NW19|x64
		NW19|x86 = NW19|x86
		NW20|Any CPU = NW20|Any CPU
		NW20|x64 = NW20|x64
		NW20|x86 = NW20|x86
		NW21|Any CPU = NW21|Any CPU
		NW21|x64 = NW21|x64
		NW21|x86 = NW21|x86
		NW22|Any CPU = NW22|Any CPU
		NW22|x64 = NW22|x64
		NW22|x86 = NW22|x86
		NW25|Any CPU = NW25|Any CPU
		NW25|x64 = NW25|x64
		NW25|x86 = NW25|x86
		Release|Any CPU = Release|Any CPU
		Release|x64 = Release|x64
		Release|x86 = Release|x86
		RVT19|Any CPU = RVT19|Any CPU
		RVT19|x64 = RVT19|x64
		RVT19|x86 = RVT19|x86
		RVT20|Any CPU = RVT20|Any CPU
		RVT20|x64 = RVT20|x64
		RVT20|x86 = RVT20|x86
		RVT21|Any CPU = RVT21|Any CPU
		RVT21|x64 = RVT21|x64
		RVT21|x86 = RVT21|x86
		RVT22|Any CPU = RVT22|Any CPU
		RVT22|x64 = RVT22|x64
		RVT22|x86 = RVT22|x86
	EndGlobalSection
	GlobalSection(ProjectConfigurationPlatforms) = postSolution
		{0751EC69-4619-46D1-915E-01D38098A6FC}.Debug|Any CPU.ActiveCfg = Debug|Any CPU
		{0751EC69-4619-46D1-915E-01D38098A6FC}.Debug|Any CPU.Build.0 = Debug|Any CPU
		{0751EC69-4619-46D1-915E-01D38098A6FC}.Debug|x64.ActiveCfg = Debug|x64
		{0751EC69-4619-46D1-915E-01D38098A6FC}.Debug|x64.Build.0 = Debug|x64
		{0751EC69-4619-46D1-915E-01D38098A6FC}.Debug|x86.ActiveCfg = Debug|Any CPU
		{0751EC69-4619-46D1-915E-01D38098A6FC}.Debug|x86.Build.0 = Debug|Any CPU
		{0751EC69-4619-46D1-915E-01D38098A6FC}.NW17|Any CPU.ActiveCfg = NW17|Any CPU
		{0751EC69-4619-46D1-915E-01D38098A6FC}.NW17|x64.ActiveCfg = NW17|x64
		{0751EC69-4619-46D1-915E-01D38098A6FC}.NW17|x64.Build.0 = NW17|x64
		{0751EC69-4619-46D1-915E-01D38098A6FC}.NW17|x86.ActiveCfg = NW17|Any CPU
		{0751EC69-4619-46D1-915E-01D38098A6FC}.NW18|Any CPU.ActiveCfg = NW18|Any CPU
		{0751EC69-4619-46D1-915E-01D38098A6FC}.NW18|x64.ActiveCfg = NW18|x64
		{0751EC69-4619-46D1-915E-01D38098A6FC}.NW18|x64.Build.0 = NW18|x64
		{0751EC69-4619-46D1-915E-01D38098A6FC}.NW18|x86.ActiveCfg = NW18|Any CPU
		{0751EC69-4619-46D1-915E-01D38098A6FC}.NW19|Any CPU.ActiveCfg = NW19|Any CPU
		{0751EC69-4619-46D1-915E-01D38098A6FC}.NW19|x64.ActiveCfg = NW19|x64
		{0751EC69-4619-46D1-915E-01D38098A6FC}.NW19|x64.Build.0 = NW19|x64
		{0751EC69-4619-46D1-915E-01D38098A6FC}.NW19|x86.ActiveCfg = NW19|Any CPU
		{0751EC69-4619-46D1-915E-01D38098A6FC}.NW20|Any CPU.ActiveCfg = R20|Any CPU
		{0751EC69-4619-46D1-915E-01D38098A6FC}.NW20|Any CPU.Build.0 = R20|Any CPU
		{0751EC69-4619-46D1-915E-01D38098A6FC}.NW20|x64.ActiveCfg = NW20|x64
		{0751EC69-4619-46D1-915E-01D38098A6FC}.NW20|x64.Build.0 = NW20|x64
		{0751EC69-4619-46D1-915E-01D38098A6FC}.NW20|x86.ActiveCfg = R20|Any CPU
		{0751EC69-4619-46D1-915E-01D38098A6FC}.NW20|x86.Build.0 = R20|Any CPU
		{0751EC69-4619-46D1-915E-01D38098A6FC}.NW21|Any CPU.ActiveCfg = NW21|Any CPU
		{0751EC69-4619-46D1-915E-01D38098A6FC}.NW21|x64.ActiveCfg = NW21|x64
		{0751EC69-4619-46D1-915E-01D38098A6FC}.NW21|x64.Build.0 = NW21|x64
		{0751EC69-4619-46D1-915E-01D38098A6FC}.NW21|x86.ActiveCfg = NW21|Any CPU
		{0751EC69-4619-46D1-915E-01D38098A6FC}.NW22|Any CPU.ActiveCfg = NW22|Any CPU
		{0751EC69-4619-46D1-915E-01D38098A6FC}.NW22|x64.ActiveCfg = NW22|x64
		{0751EC69-4619-46D1-915E-01D38098A6FC}.NW22|x64.Build.0 = NW22|x64
		{0751EC69-4619-46D1-915E-01D38098A6FC}.NW22|x86.ActiveCfg = NW22|Any CPU
		{0751EC69-4619-46D1-915E-01D38098A6FC}.NW25|Any CPU.ActiveCfg = NW25|Any CPU
		{0751EC69-4619-46D1-915E-01D38098A6FC}.NW25|x64.ActiveCfg = NW25|x64
		{0751EC69-4619-46D1-915E-01D38098A6FC}.NW25|x64.Build.0 = NW25|x64
		{0751EC69-4619-46D1-915E-01D38098A6FC}.NW25|x86.ActiveCfg = NW25|Any CPU
		{0751EC69-4619-46D1-915E-01D38098A6FC}.Release|Any CPU.ActiveCfg = Debug|Any CPU
		{0751EC69-4619-46D1-915E-01D38098A6FC}.Release|x64.ActiveCfg = Debug|x64
		{0751EC69-4619-46D1-915E-01D38098A6FC}.Release|x86.ActiveCfg = R22|Any CPU
		{0751EC69-4619-46D1-915E-01D38098A6FC}.RVT19|Any CPU.ActiveCfg = Debug|Any CPU
		{0751EC69-4619-46D1-915E-01D38098A6FC}.RVT19|x64.ActiveCfg = R22|x64
		{0751EC69-4619-46D1-915E-01D38098A6FC}.RVT19|x86.ActiveCfg = R22|Any CPU
		{0751EC69-4619-46D1-915E-01D38098A6FC}.RVT20|Any CPU.ActiveCfg = Debug|Any CPU
		{0751EC69-4619-46D1-915E-01D38098A6FC}.RVT20|x64.ActiveCfg = R22|x64
		{0751EC69-4619-46D1-915E-01D38098A6FC}.RVT20|x86.ActiveCfg = R22|Any CPU
		{0751EC69-4619-46D1-915E-01D38098A6FC}.RVT21|Any CPU.ActiveCfg = Debug|Any CPU
		{0751EC69-4619-46D1-915E-01D38098A6FC}.RVT21|x64.ActiveCfg = R22|x64
		{0751EC69-4619-46D1-915E-01D38098A6FC}.RVT21|x86.ActiveCfg = R22|Any CPU
		{0751EC69-4619-46D1-915E-01D38098A6FC}.RVT22|Any CPU.ActiveCfg = Debug|Any CPU
		{0751EC69-4619-46D1-915E-01D38098A6FC}.RVT22|x64.ActiveCfg = R22|x64
		{0751EC69-4619-46D1-915E-01D38098A6FC}.RVT22|x86.ActiveCfg = R22|Any CPU
		{F88230E4-992A-4488-B41D-A82871F3722F}.Debug|Any CPU.ActiveCfg = Release
		{F88230E4-992A-4488-B41D-A82871F3722F}.Debug|x64.ActiveCfg = Release
		{F88230E4-992A-4488-B41D-A82871F3722F}.Debug|x86.ActiveCfg = Release
		{F88230E4-992A-4488-B41D-A82871F3722F}.Debug|x86.Build.0 = Release
		{F88230E4-992A-4488-B41D-A82871F3722F}.NW17|Any CPU.ActiveCfg = Release
		{F88230E4-992A-4488-B41D-A82871F3722F}.NW17|x64.ActiveCfg = Release
		{F88230E4-992A-4488-B41D-A82871F3722F}.NW17|x86.ActiveCfg = Release
		{F88230E4-992A-4488-B41D-A82871F3722F}.NW18|Any CPU.ActiveCfg = Release
		{F88230E4-992A-4488-B41D-A82871F3722F}.NW18|x64.ActiveCfg = Release
		{F88230E4-992A-4488-B41D-A82871F3722F}.NW18|x86.ActiveCfg = Release
		{F88230E4-992A-4488-B41D-A82871F3722F}.NW19|Any CPU.ActiveCfg = Release
		{F88230E4-992A-4488-B41D-A82871F3722F}.NW19|x64.ActiveCfg = Release
		{F88230E4-992A-4488-B41D-A82871F3722F}.NW19|x86.ActiveCfg = Release
		{F88230E4-992A-4488-B41D-A82871F3722F}.NW20|Any CPU.ActiveCfg = Release
		{F88230E4-992A-4488-B41D-A82871F3722F}.NW20|Any CPU.Build.0 = Release
		{F88230E4-992A-4488-B41D-A82871F3722F}.NW20|x64.ActiveCfg = Release
		{F88230E4-992A-4488-B41D-A82871F3722F}.NW20|x86.ActiveCfg = Release
		{F88230E4-992A-4488-B41D-A82871F3722F}.NW20|x86.Build.0 = Release
		{F88230E4-992A-4488-B41D-A82871F3722F}.NW21|Any CPU.ActiveCfg = Release
		{F88230E4-992A-4488-B41D-A82871F3722F}.NW21|x64.ActiveCfg = Release
		{F88230E4-992A-4488-B41D-A82871F3722F}.NW21|x86.ActiveCfg = Release
		{F88230E4-992A-4488-B41D-A82871F3722F}.NW22|Any CPU.ActiveCfg = Release
		{F88230E4-992A-4488-B41D-A82871F3722F}.NW22|x64.ActiveCfg = Release
		{F88230E4-992A-4488-B41D-A82871F3722F}.NW22|x86.ActiveCfg = Release
		{F88230E4-992A-4488-B41D-A82871F3722F}.NW25|Any CPU.ActiveCfg = Release
		{F88230E4-992A-4488-B41D-A82871F3722F}.NW25|x64.ActiveCfg = Release
		{F88230E4-992A-4488-B41D-A82871F3722F}.NW25|x86.ActiveCfg = Release
		{F88230E4-992A-4488-B41D-A82871F3722F}.Release|Any CPU.ActiveCfg = Release
		{F88230E4-992A-4488-B41D-A82871F3722F}.Release|x64.ActiveCfg = Release
		{F88230E4-992A-4488-B41D-A82871F3722F}.Release|x64.Build.0 = Release
		{F88230E4-992A-4488-B41D-A82871F3722F}.Release|x86.ActiveCfg = Release
		{F88230E4-992A-4488-B41D-A82871F3722F}.RVT19|Any CPU.ActiveCfg = Release
		{F88230E4-992A-4488-B41D-A82871F3722F}.RVT19|x64.ActiveCfg = Release
		{F88230E4-992A-4488-B41D-A82871F3722F}.RVT19|x86.ActiveCfg = Release
		{F88230E4-992A-4488-B41D-A82871F3722F}.RVT19|x86.Build.0 = Release
		{F88230E4-992A-4488-B41D-A82871F3722F}.RVT20|Any CPU.ActiveCfg = Release
		{F88230E4-992A-4488-B41D-A82871F3722F}.RVT20|x64.ActiveCfg = Release
		{F88230E4-992A-4488-B41D-A82871F3722F}.RVT20|x64.Build.0 = Release
		{F88230E4-992A-4488-B41D-A82871F3722F}.RVT20|x86.ActiveCfg = Release
		{F88230E4-992A-4488-B41D-A82871F3722F}.RVT20|x86.Build.0 = Release
		{F88230E4-992A-4488-B41D-A82871F3722F}.RVT21|Any CPU.ActiveCfg = Release
		{F88230E4-992A-4488-B41D-A82871F3722F}.RVT21|x64.ActiveCfg = Release
		{F88230E4-992A-4488-B41D-A82871F3722F}.RVT21|x64.Build.0 = Release
		{F88230E4-992A-4488-B41D-A82871F3722F}.RVT21|x86.ActiveCfg = Release
		{F88230E4-992A-4488-B41D-A82871F3722F}.RVT21|x86.Build.0 = Release
		{F88230E4-992A-4488-B41D-A82871F3722F}.RVT22|Any CPU.ActiveCfg = Release
		{F88230E4-992A-4488-B41D-A82871F3722F}.RVT22|x64.ActiveCfg = Release
		{F88230E4-992A-4488-B41D-A82871F3722F}.RVT22|x64.Build.0 = Release
		{F88230E4-992A-4488-B41D-A82871F3722F}.RVT22|x86.ActiveCfg = Release
		{F88230E4-992A-4488-B41D-A82871F3722F}.RVT22|x86.Build.0 = Release
		{992A8698-0136-49BB-82DD-A477C899395B}.Debug|Any CPU.ActiveCfg = Debug|Any CPU
		{992A8698-0136-49BB-82DD-A477C899395B}.Debug|Any CPU.Build.0 = Debug|Any CPU
		{992A8698-0136-49BB-82DD-A477C899395B}.Debug|x64.ActiveCfg = Debug|Any CPU
		{992A8698-0136-49BB-82DD-A477C899395B}.Debug|x64.Build.0 = Debug|Any CPU
		{992A8698-0136-49BB-82DD-A477C899395B}.Debug|x86.ActiveCfg = Debug|Any CPU
		{992A8698-0136-49BB-82DD-A477C899395B}.Debug|x86.Build.0 = Debug|Any CPU
		{992A8698-0136-49BB-82DD-A477C899395B}.NW17|Any CPU.ActiveCfg = Release|Any CPU
		{992A8698-0136-49BB-82DD-A477C899395B}.NW17|Any CPU.Build.0 = Release|Any CPU
		{992A8698-0136-49BB-82DD-A477C899395B}.NW17|x64.ActiveCfg = Release|Any CPU
		{992A8698-0136-49BB-82DD-A477C899395B}.NW17|x64.Build.0 = Release|Any CPU
		{992A8698-0136-49BB-82DD-A477C899395B}.NW17|x86.ActiveCfg = Release|Any CPU
		{992A8698-0136-49BB-82DD-A477C899395B}.NW17|x86.Build.0 = Release|Any CPU
		{992A8698-0136-49BB-82DD-A477C899395B}.NW18|Any CPU.ActiveCfg = Release|Any CPU
		{992A8698-0136-49BB-82DD-A477C899395B}.NW18|Any CPU.Build.0 = Release|Any CPU
		{992A8698-0136-49BB-82DD-A477C899395B}.NW18|x64.ActiveCfg = Release|Any CPU
		{992A8698-0136-49BB-82DD-A477C899395B}.NW18|x64.Build.0 = Release|Any CPU
		{992A8698-0136-49BB-82DD-A477C899395B}.NW18|x86.ActiveCfg = Release|Any CPU
		{992A8698-0136-49BB-82DD-A477C899395B}.NW18|x86.Build.0 = Release|Any CPU
		{992A8698-0136-49BB-82DD-A477C899395B}.NW19|Any CPU.ActiveCfg = Release|Any CPU
		{992A8698-0136-49BB-82DD-A477C899395B}.NW19|Any CPU.Build.0 = Release|Any CPU
		{992A8698-0136-49BB-82DD-A477C899395B}.NW19|x64.ActiveCfg = Release|Any CPU
		{992A8698-0136-49BB-82DD-A477C899395B}.NW19|x64.Build.0 = Release|Any CPU
		{992A8698-0136-49BB-82DD-A477C899395B}.NW19|x86.ActiveCfg = Release|Any CPU
		{992A8698-0136-49BB-82DD-A477C899395B}.NW19|x86.Build.0 = Release|Any CPU
		{992A8698-0136-49BB-82DD-A477C899395B}.NW20|Any CPU.ActiveCfg = Release|Any CPU
		{992A8698-0136-49BB-82DD-A477C899395B}.NW20|Any CPU.Build.0 = Release|Any CPU
		{992A8698-0136-49BB-82DD-A477C899395B}.NW20|x64.ActiveCfg = Release|Any CPU
		{992A8698-0136-49BB-82DD-A477C899395B}.NW20|x64.Build.0 = Release|Any CPU
		{992A8698-0136-49BB-82DD-A477C899395B}.NW20|x86.ActiveCfg = Release|Any CPU
		{992A8698-0136-49BB-82DD-A477C899395B}.NW20|x86.Build.0 = Release|Any CPU
		{992A8698-0136-49BB-82DD-A477C899395B}.NW21|Any CPU.ActiveCfg = Release|Any CPU
		{992A8698-0136-49BB-82DD-A477C899395B}.NW21|Any CPU.Build.0 = Release|Any CPU
		{992A8698-0136-49BB-82DD-A477C899395B}.NW21|x64.ActiveCfg = Release|Any CPU
		{992A8698-0136-49BB-82DD-A477C899395B}.NW21|x64.Build.0 = Release|Any CPU
		{992A8698-0136-49BB-82DD-A477C899395B}.NW21|x86.ActiveCfg = Release|Any CPU
		{992A8698-0136-49BB-82DD-A477C899395B}.NW21|x86.Build.0 = Release|Any CPU
		{992A8698-0136-49BB-82DD-A477C899395B}.NW22|Any CPU.ActiveCfg = Release|Any CPU
		{992A8698-0136-49BB-82DD-A477C899395B}.NW22|Any CPU.Build.0 = Release|Any CPU
		{992A8698-0136-49BB-82DD-A477C899395B}.NW22|x64.ActiveCfg = Release|Any CPU
		{992A8698-0136-49BB-82DD-A477C899395B}.NW22|x64.Build.0 = Release|Any CPU
		{992A8698-0136-49BB-82DD-A477C899395B}.NW22|x86.ActiveCfg = Release|Any CPU
		{992A8698-0136-49BB-82DD-A477C899395B}.NW22|x86.Build.0 = Release|Any CPU
		{992A8698-0136-49BB-82DD-A477C899395B}.NW25|Any CPU.ActiveCfg = Release|Any CPU
		{992A8698-0136-49BB-82DD-A477C899395B}.NW25|Any CPU.Build.0 = Release|Any CPU
		{992A8698-0136-49BB-82DD-A477C899395B}.NW25|x64.ActiveCfg = Release|Any CPU
		{992A8698-0136-49BB-82DD-A477C899395B}.NW25|x64.Build.0 = Release|Any CPU
		{992A8698-0136-49BB-82DD-A477C899395B}.NW25|x86.ActiveCfg = Release|Any CPU
		{992A8698-0136-49BB-82DD-A477C899395B}.NW25|x86.Build.0 = Release|Any CPU
		{992A8698-0136-49BB-82DD-A477C899395B}.Release|Any CPU.ActiveCfg = Release|Any CPU
		{992A8698-0136-49BB-82DD-A477C899395B}.Release|x64.ActiveCfg = Release|Any CPU
		{992A8698-0136-49BB-82DD-A477C899395B}.Release|x86.ActiveCfg = Release|Any CPU
		{992A8698-0136-49BB-82DD-A477C899395B}.Release|x86.Build.0 = Release|Any CPU
		{992A8698-0136-49BB-82DD-A477C899395B}.RVT19|Any CPU.ActiveCfg = Release|Any CPU
		{992A8698-0136-49BB-82DD-A477C899395B}.RVT19|Any CPU.Build.0 = Release|Any CPU
		{992A8698-0136-49BB-82DD-A477C899395B}.RVT19|x64.ActiveCfg = Release|Any CPU
		{992A8698-0136-49BB-82DD-A477C899395B}.RVT19|x64.Build.0 = Release|Any CPU
		{992A8698-0136-49BB-82DD-A477C899395B}.RVT19|x86.ActiveCfg = Release|Any CPU
		{992A8698-0136-49BB-82DD-A477C899395B}.RVT19|x86.Build.0 = Release|Any CPU
		{992A8698-0136-49BB-82DD-A477C899395B}.RVT20|Any CPU.ActiveCfg = Release|Any CPU
		{992A8698-0136-49BB-82DD-A477C899395B}.RVT20|Any CPU.Build.0 = Release|Any CPU
		{992A8698-0136-49BB-82DD-A477C899395B}.RVT20|x64.ActiveCfg = Release|Any CPU
		{992A8698-0136-49BB-82DD-A477C899395B}.RVT20|x64.Build.0 = Release|Any CPU
		{992A8698-0136-49BB-82DD-A477C899395B}.RVT20|x86.ActiveCfg = Release|Any CPU
		{992A8698-0136-49BB-82DD-A477C899395B}.RVT20|x86.Build.0 = Release|Any CPU
		{992A8698-0136-49BB-82DD-A477C899395B}.RVT21|Any CPU.ActiveCfg = Release|Any CPU
		{992A8698-0136-49BB-82DD-A477C899395B}.RVT21|Any CPU.Build.0 = Release|Any CPU
		{992A8698-0136-49BB-82DD-A477C899395B}.RVT21|x64.ActiveCfg = Release|Any CPU
		{992A8698-0136-49BB-82DD-A477C899395B}.RVT21|x64.Build.0 = Release|Any CPU
		{992A8698-0136-49BB-82DD-A477C899395B}.RVT21|x86.ActiveCfg = Release|Any CPU
		{992A8698-0136-49BB-82DD-A477C899395B}.RVT21|x86.Build.0 = Release|Any CPU
		{992A8698-0136-49BB-82DD-A477C899395B}.RVT22|Any CPU.ActiveCfg = Release|Any CPU
		{992A8698-0136-49BB-82DD-A477C899395B}.RVT22|Any CPU.Build.0 = Release|Any CPU
		{992A8698-0136-49BB-82DD-A477C899395B}.RVT22|x64.ActiveCfg = Release|Any CPU
		{992A8698-0136-49BB-82DD-A477C899395B}.RVT22|x64.Build.0 = Release|Any CPU
		{992A8698-0136-49BB-82DD-A477C899395B}.RVT22|x86.ActiveCfg = Release|Any CPU
		{992A8698-0136-49BB-82DD-A477C899395B}.RVT22|x86.Build.0 = Release|Any CPU
		{C53C06FA-4552-4748-8742-B2E8DF90BB73}.Debug|Any CPU.ActiveCfg = Debug|Any CPU
		{C53C06FA-4552-4748-8742-B2E8DF90BB73}.Debug|Any CPU.Build.0 = Debug|Any CPU
		{C53C06FA-4552-4748-8742-B2E8DF90BB73}.Debug|x64.ActiveCfg = Debug|Any CPU
		{C53C06FA-4552-4748-8742-B2E8DF90BB73}.Debug|x64.Build.0 = Debug|Any CPU
		{C53C06FA-4552-4748-8742-B2E8DF90BB73}.Debug|x86.ActiveCfg = Debug|Any CPU
		{C53C06FA-4552-4748-8742-B2E8DF90BB73}.Debug|x86.Build.0 = Debug|Any CPU
		{C53C06FA-4552-4748-8742-B2E8DF90BB73}.NW17|Any CPU.ActiveCfg = RVT20|Any CPU
		{C53C06FA-4552-4748-8742-B2E8DF90BB73}.NW17|Any CPU.Build.0 = RVT20|Any CPU
		{C53C06FA-4552-4748-8742-B2E8DF90BB73}.NW17|x64.ActiveCfg = Debug|Any CPU
		{C53C06FA-4552-4748-8742-B2E8DF90BB73}.NW17|x86.ActiveCfg = RVT20|Any CPU
		{C53C06FA-4552-4748-8742-B2E8DF90BB73}.NW17|x86.Build.0 = RVT20|Any CPU
		{C53C06FA-4552-4748-8742-B2E8DF90BB73}.NW18|Any CPU.ActiveCfg = RVT20|Any CPU
		{C53C06FA-4552-4748-8742-B2E8DF90BB73}.NW18|Any CPU.Build.0 = RVT20|Any CPU
		{C53C06FA-4552-4748-8742-B2E8DF90BB73}.NW18|x64.ActiveCfg = Debug|Any CPU
		{C53C06FA-4552-4748-8742-B2E8DF90BB73}.NW18|x86.ActiveCfg = RVT20|Any CPU
		{C53C06FA-4552-4748-8742-B2E8DF90BB73}.NW18|x86.Build.0 = RVT20|Any CPU
		{C53C06FA-4552-4748-8742-B2E8DF90BB73}.NW19|Any CPU.ActiveCfg = RVT20|Any CPU
		{C53C06FA-4552-4748-8742-B2E8DF90BB73}.NW19|Any CPU.Build.0 = RVT20|Any CPU
		{C53C06FA-4552-4748-8742-B2E8DF90BB73}.NW19|x64.ActiveCfg = Debug|Any CPU
		{C53C06FA-4552-4748-8742-B2E8DF90BB73}.NW19|x86.ActiveCfg = RVT20|Any CPU
		{C53C06FA-4552-4748-8742-B2E8DF90BB73}.NW19|x86.Build.0 = RVT20|Any CPU
		{C53C06FA-4552-4748-8742-B2E8DF90BB73}.NW20|Any CPU.ActiveCfg = RVT20|Any CPU
		{C53C06FA-4552-4748-8742-B2E8DF90BB73}.NW20|Any CPU.Build.0 = RVT20|Any CPU
		{C53C06FA-4552-4748-8742-B2E8DF90BB73}.NW20|x64.ActiveCfg = Debug|Any CPU
		{C53C06FA-4552-4748-8742-B2E8DF90BB73}.NW20|x86.ActiveCfg = RVT20|Any CPU
		{C53C06FA-4552-4748-8742-B2E8DF90BB73}.NW20|x86.Build.0 = RVT20|Any CPU
		{C53C06FA-4552-4748-8742-B2E8DF90BB73}.NW21|Any CPU.ActiveCfg = RVT20|Any CPU
		{C53C06FA-4552-4748-8742-B2E8DF90BB73}.NW21|Any CPU.Build.0 = RVT20|Any CPU
		{C53C06FA-4552-4748-8742-B2E8DF90BB73}.NW21|x64.ActiveCfg = Debug|Any CPU
		{C53C06FA-4552-4748-8742-B2E8DF90BB73}.NW21|x86.ActiveCfg = RVT20|Any CPU
		{C53C06FA-4552-4748-8742-B2E8DF90BB73}.NW21|x86.Build.0 = RVT20|Any CPU
		{C53C06FA-4552-4748-8742-B2E8DF90BB73}.NW22|Any CPU.ActiveCfg = RVT20|Any CPU
		{C53C06FA-4552-4748-8742-B2E8DF90BB73}.NW22|Any CPU.Build.0 = RVT20|Any CPU
		{C53C06FA-4552-4748-8742-B2E8DF90BB73}.NW22|x64.ActiveCfg = Debug|Any CPU
		{C53C06FA-4552-4748-8742-B2E8DF90BB73}.NW22|x86.ActiveCfg = RVT20|Any CPU
		{C53C06FA-4552-4748-8742-B2E8DF90BB73}.NW22|x86.Build.0 = RVT20|Any CPU
		{C53C06FA-4552-4748-8742-B2E8DF90BB73}.NW25|Any CPU.ActiveCfg = RVT20|Any CPU
		{C53C06FA-4552-4748-8742-B2E8DF90BB73}.NW25|Any CPU.Build.0 = RVT20|Any CPU
		{C53C06FA-4552-4748-8742-B2E8DF90BB73}.NW25|x64.ActiveCfg = Debug|Any CPU
		{C53C06FA-4552-4748-8742-B2E8DF90BB73}.NW25|x86.ActiveCfg = RVT20|Any CPU
		{C53C06FA-4552-4748-8742-B2E8DF90BB73}.NW25|x86.Build.0 = RVT20|Any CPU
		{C53C06FA-4552-4748-8742-B2E8DF90BB73}.Release|Any CPU.ActiveCfg = Debug|Any CPU
		{C53C06FA-4552-4748-8742-B2E8DF90BB73}.Release|x64.ActiveCfg = RVT20|Any CPU
		{C53C06FA-4552-4748-8742-B2E8DF90BB73}.Release|x86.ActiveCfg = RVT20|Any CPU
		{C53C06FA-4552-4748-8742-B2E8DF90BB73}.Release|x86.Build.0 = RVT20|Any CPU
		{C53C06FA-4552-4748-8742-B2E8DF90BB73}.RVT19|Any CPU.ActiveCfg = RVT19|Any CPU
		{C53C06FA-4552-4748-8742-B2E8DF90BB73}.RVT19|Any CPU.Build.0 = RVT19|Any CPU
		{C53C06FA-4552-4748-8742-B2E8DF90BB73}.RVT19|x64.ActiveCfg = RVT19|Any CPU
		{C53C06FA-4552-4748-8742-B2E8DF90BB73}.RVT19|x64.Build.0 = RVT19|Any CPU
		{C53C06FA-4552-4748-8742-B2E8DF90BB73}.RVT19|x86.ActiveCfg = RVT19|Any CPU
		{C53C06FA-4552-4748-8742-B2E8DF90BB73}.RVT19|x86.Build.0 = RVT19|Any CPU
		{C53C06FA-4552-4748-8742-B2E8DF90BB73}.RVT20|Any CPU.ActiveCfg = RVT20|Any CPU
		{C53C06FA-4552-4748-8742-B2E8DF90BB73}.RVT20|Any CPU.Build.0 = RVT20|Any CPU
		{C53C06FA-4552-4748-8742-B2E8DF90BB73}.RVT20|x64.ActiveCfg = RVT20|Any CPU
		{C53C06FA-4552-4748-8742-B2E8DF90BB73}.RVT20|x64.Build.0 = RVT20|Any CPU
		{C53C06FA-4552-4748-8742-B2E8DF90BB73}.RVT20|x86.ActiveCfg = RVT20|Any CPU
		{C53C06FA-4552-4748-8742-B2E8DF90BB73}.RVT20|x86.Build.0 = RVT20|Any CPU
		{C53C06FA-4552-4748-8742-B2E8DF90BB73}.RVT21|Any CPU.ActiveCfg = RVT21|Any CPU
		{C53C06FA-4552-4748-8742-B2E8DF90BB73}.RVT21|Any CPU.Build.0 = RVT21|Any CPU
		{C53C06FA-4552-4748-8742-B2E8DF90BB73}.RVT21|x64.ActiveCfg = RVT21|Any CPU
		{C53C06FA-4552-4748-8742-B2E8DF90BB73}.RVT21|x64.Build.0 = RVT21|Any CPU
		{C53C06FA-4552-4748-8742-B2E8DF90BB73}.RVT21|x86.ActiveCfg = RVT21|Any CPU
		{C53C06FA-4552-4748-8742-B2E8DF90BB73}.RVT21|x86.Build.0 = RVT21|Any CPU
		{C53C06FA-4552-4748-8742-B2E8DF90BB73}.RVT22|Any CPU.ActiveCfg = RVT22|Any CPU
		{C53C06FA-4552-4748-8742-B2E8DF90BB73}.RVT22|Any CPU.Build.0 = RVT22|Any CPU
		{C53C06FA-4552-4748-8742-B2E8DF90BB73}.RVT22|x64.ActiveCfg = RVT21|Any CPU
		{C53C06FA-4552-4748-8742-B2E8DF90BB73}.RVT22|x64.Build.0 = RVT21|Any CPU
		{C53C06FA-4552-4748-8742-B2E8DF90BB73}.RVT22|x86.ActiveCfg = RVT21|Any CPU
		{C53C06FA-4552-4748-8742-B2E8DF90BB73}.RVT22|x86.Build.0 = RVT21|Any CPU
		{99EDC83D-7907-466C-9C66-A2D0301982D2}.Debug|Any CPU.ActiveCfg = Debug|Any CPU
		{99EDC83D-7907-466C-9C66-A2D0301982D2}.Debug|Any CPU.Build.0 = Debug|Any CPU
		{99EDC83D-7907-466C-9C66-A2D0301982D2}.Debug|x64.ActiveCfg = Debug|Any CPU
		{99EDC83D-7907-466C-9C66-A2D0301982D2}.Debug|x64.Build.0 = Debug|Any CPU
		{99EDC83D-7907-466C-9C66-A2D0301982D2}.Debug|x86.ActiveCfg = Debug|Any CPU
		{99EDC83D-7907-466C-9C66-A2D0301982D2}.Debug|x86.Build.0 = Debug|Any CPU
		{99EDC83D-7907-466C-9C66-A2D0301982D2}.NW17|Any CPU.ActiveCfg = Debug|Any CPU
		{99EDC83D-7907-466C-9C66-A2D0301982D2}.NW17|Any CPU.Build.0 = Debug|Any CPU
		{99EDC83D-7907-466C-9C66-A2D0301982D2}.NW17|x64.ActiveCfg = Release|Any CPU
		{99EDC83D-7907-466C-9C66-A2D0301982D2}.NW17|x64.Build.0 = Release|Any CPU
		{99EDC83D-7907-466C-9C66-A2D0301982D2}.NW17|x86.ActiveCfg = Release|Any CPU
		{99EDC83D-7907-466C-9C66-A2D0301982D2}.NW17|x86.Build.0 = Release|Any CPU
		{99EDC83D-7907-466C-9C66-A2D0301982D2}.NW18|Any CPU.ActiveCfg = NW18|Any CPU
		{99EDC83D-7907-466C-9C66-A2D0301982D2}.NW18|Any CPU.Build.0 = NW18|Any CPU
		{99EDC83D-7907-466C-9C66-A2D0301982D2}.NW18|x64.ActiveCfg = Release|Any CPU
		{99EDC83D-7907-466C-9C66-A2D0301982D2}.NW18|x64.Build.0 = Release|Any CPU
		{99EDC83D-7907-466C-9C66-A2D0301982D2}.NW18|x86.ActiveCfg = Release|Any CPU
		{99EDC83D-7907-466C-9C66-A2D0301982D2}.NW18|x86.Build.0 = Release|Any CPU
		{99EDC83D-7907-466C-9C66-A2D0301982D2}.NW19|Any CPU.ActiveCfg = NW19|Any CPU
		{99EDC83D-7907-466C-9C66-A2D0301982D2}.NW19|Any CPU.Build.0 = NW19|Any CPU
		{99EDC83D-7907-466C-9C66-A2D0301982D2}.NW19|x64.ActiveCfg = Release|Any CPU
		{99EDC83D-7907-466C-9C66-A2D0301982D2}.NW19|x64.Build.0 = Release|Any CPU
		{99EDC83D-7907-466C-9C66-A2D0301982D2}.NW19|x86.ActiveCfg = Release|Any CPU
		{99EDC83D-7907-466C-9C66-A2D0301982D2}.NW19|x86.Build.0 = Release|Any CPU
		{99EDC83D-7907-466C-9C66-A2D0301982D2}.NW20|Any CPU.ActiveCfg = NW20|Any CPU
		{99EDC83D-7907-466C-9C66-A2D0301982D2}.NW20|Any CPU.Build.0 = NW20|Any CPU
		{99EDC83D-7907-466C-9C66-A2D0301982D2}.NW20|x64.ActiveCfg = Release|Any CPU
		{99EDC83D-7907-466C-9C66-A2D0301982D2}.NW20|x64.Build.0 = Release|Any CPU
		{99EDC83D-7907-466C-9C66-A2D0301982D2}.NW20|x86.ActiveCfg = Release|Any CPU
		{99EDC83D-7907-466C-9C66-A2D0301982D2}.NW20|x86.Build.0 = Release|Any CPU
		{99EDC83D-7907-466C-9C66-A2D0301982D2}.NW21|Any CPU.ActiveCfg = NW21|Any CPU
		{99EDC83D-7907-466C-9C66-A2D0301982D2}.NW21|Any CPU.Build.0 = NW21|Any CPU
		{99EDC83D-7907-466C-9C66-A2D0301982D2}.NW21|x64.ActiveCfg = Release|Any CPU
		{99EDC83D-7907-466C-9C66-A2D0301982D2}.NW21|x64.Build.0 = Release|Any CPU
		{99EDC83D-7907-466C-9C66-A2D0301982D2}.NW21|x86.ActiveCfg = Release|Any CPU
		{99EDC83D-7907-466C-9C66-A2D0301982D2}.NW21|x86.Build.0 = Release|Any CPU
		{99EDC83D-7907-466C-9C66-A2D0301982D2}.NW22|Any CPU.ActiveCfg = NW22|Any CPU
		{99EDC83D-7907-466C-9C66-A2D0301982D2}.NW22|Any CPU.Build.0 = NW22|Any CPU
		{99EDC83D-7907-466C-9C66-A2D0301982D2}.NW22|x64.ActiveCfg = Release|Any CPU
		{99EDC83D-7907-466C-9C66-A2D0301982D2}.NW22|x64.Build.0 = Release|Any CPU
		{99EDC83D-7907-466C-9C66-A2D0301982D2}.NW22|x86.ActiveCfg = Release|Any CPU
		{99EDC83D-7907-466C-9C66-A2D0301982D2}.NW22|x86.Build.0 = Release|Any CPU
		{99EDC83D-7907-466C-9C66-A2D0301982D2}.NW25|Any CPU.ActiveCfg = NW25|Any CPU
		{99EDC83D-7907-466C-9C66-A2D0301982D2}.NW25|Any CPU.Build.0 = NW25|Any CPU
		{99EDC83D-7907-466C-9C66-A2D0301982D2}.NW25|x64.ActiveCfg = Release|Any CPU
		{99EDC83D-7907-466C-9C66-A2D0301982D2}.NW25|x64.Build.0 = Release|Any CPU
		{99EDC83D-7907-466C-9C66-A2D0301982D2}.NW25|x86.ActiveCfg = Release|Any CPU
		{99EDC83D-7907-466C-9C66-A2D0301982D2}.NW25|x86.Build.0 = Release|Any CPU
		{99EDC83D-7907-466C-9C66-A2D0301982D2}.Release|Any CPU.ActiveCfg = Release|Any CPU
		{99EDC83D-7907-466C-9C66-A2D0301982D2}.Release|x64.ActiveCfg = Release|Any CPU
		{99EDC83D-7907-466C-9C66-A2D0301982D2}.Release|x86.ActiveCfg = Release|Any CPU
		{99EDC83D-7907-466C-9C66-A2D0301982D2}.Release|x86.Build.0 = Release|Any CPU
		{99EDC83D-7907-466C-9C66-A2D0301982D2}.RVT19|Any CPU.ActiveCfg = Release|Any CPU
		{99EDC83D-7907-466C-9C66-A2D0301982D2}.RVT19|Any CPU.Build.0 = Release|Any CPU
		{99EDC83D-7907-466C-9C66-A2D0301982D2}.RVT19|x64.ActiveCfg = Release|Any CPU
		{99EDC83D-7907-466C-9C66-A2D0301982D2}.RVT19|x64.Build.0 = Release|Any CPU
		{99EDC83D-7907-466C-9C66-A2D0301982D2}.RVT19|x86.ActiveCfg = Release|Any CPU
		{99EDC83D-7907-466C-9C66-A2D0301982D2}.RVT19|x86.Build.0 = Release|Any CPU
		{99EDC83D-7907-466C-9C66-A2D0301982D2}.RVT20|Any CPU.ActiveCfg = Release|Any CPU
		{99EDC83D-7907-466C-9C66-A2D0301982D2}.RVT20|Any CPU.Build.0 = Release|Any CPU
		{99EDC83D-7907-466C-9C66-A2D0301982D2}.RVT20|x64.ActiveCfg = Release|Any CPU
		{99EDC83D-7907-466C-9C66-A2D0301982D2}.RVT20|x64.Build.0 = Release|Any CPU
		{99EDC83D-7907-466C-9C66-A2D0301982D2}.RVT20|x86.ActiveCfg = Release|Any CPU
		{99EDC83D-7907-466C-9C66-A2D0301982D2}.RVT20|x86.Build.0 = Release|Any CPU
		{99EDC83D-7907-466C-9C66-A2D0301982D2}.RVT21|Any CPU.ActiveCfg = Release|Any CPU
		{99EDC83D-7907-466C-9C66-A2D0301982D2}.RVT21|Any CPU.Build.0 = Release|Any CPU
		{99EDC83D-7907-466C-9C66-A2D0301982D2}.RVT21|x64.ActiveCfg = Release|Any CPU
		{99EDC83D-7907-466C-9C66-A2D0301982D2}.RVT21|x64.Build.0 = Release|Any CPU
		{99EDC83D-7907-466C-9C66-A2D0301982D2}.RVT21|x86.ActiveCfg = Release|Any CPU
		{99EDC83D-7907-466C-9C66-A2D0301982D2}.RVT21|x86.Build.0 = Release|Any CPU
		{99EDC83D-7907-466C-9C66-A2D0301982D2}.RVT22|Any CPU.ActiveCfg = Release|Any CPU
		{99EDC83D-7907-466C-9C66-A2D0301982D2}.RVT22|Any CPU.Build.0 = Release|Any CPU
		{99EDC83D-7907-466C-9C66-A2D0301982D2}.RVT22|x64.ActiveCfg = Release|Any CPU
		{99EDC83D-7907-466C-9C66-A2D0301982D2}.RVT22|x64.Build.0 = Release|Any CPU
		{99EDC83D-7907-466C-9C66-A2D0301982D2}.RVT22|x86.ActiveCfg = Release|Any CPU
		{99EDC83D-7907-466C-9C66-A2D0301982D2}.RVT22|x86.Build.0 = Release|Any CPU
		{FCFF6A91-DAD6-4103-9044-EB845B58C652}.Debug|Any CPU.ActiveCfg = Debug|Any CPU
		{FCFF6A91-DAD6-4103-9044-EB845B58C652}.Debug|Any CPU.Build.0 = Debug|Any CPU
		{FCFF6A91-DAD6-4103-9044-EB845B58C652}.Debug|x64.ActiveCfg = Debug|Any CPU
		{FCFF6A91-DAD6-4103-9044-EB845B58C652}.Debug|x64.Build.0 = Debug|Any CPU
		{FCFF6A91-DAD6-4103-9044-EB845B58C652}.Debug|x86.ActiveCfg = Debug|Any CPU
		{FCFF6A91-DAD6-4103-9044-EB845B58C652}.Debug|x86.Build.0 = Debug|Any CPU
		{FCFF6A91-DAD6-4103-9044-EB845B58C652}.NW17|Any CPU.ActiveCfg = Release|Any CPU
		{FCFF6A91-DAD6-4103-9044-EB845B58C652}.NW17|Any CPU.Build.0 = Release|Any CPU
		{FCFF6A91-DAD6-4103-9044-EB845B58C652}.NW17|x64.ActiveCfg = Release|Any CPU
		{FCFF6A91-DAD6-4103-9044-EB845B58C652}.NW17|x64.Build.0 = Release|Any CPU
		{FCFF6A91-DAD6-4103-9044-EB845B58C652}.NW17|x86.ActiveCfg = Release|Any CPU
		{FCFF6A91-DAD6-4103-9044-EB845B58C652}.NW17|x86.Build.0 = Release|Any CPU
		{FCFF6A91-DAD6-4103-9044-EB845B58C652}.NW18|Any CPU.ActiveCfg = Release|Any CPU
		{FCFF6A91-DAD6-4103-9044-EB845B58C652}.NW18|Any CPU.Build.0 = Release|Any CPU
		{FCFF6A91-DAD6-4103-9044-EB845B58C652}.NW18|x64.ActiveCfg = Release|Any CPU
		{FCFF6A91-DAD6-4103-9044-EB845B58C652}.NW18|x64.Build.0 = Release|Any CPU
		{FCFF6A91-DAD6-4103-9044-EB845B58C652}.NW18|x86.ActiveCfg = Release|Any CPU
		{FCFF6A91-DAD6-4103-9044-EB845B58C652}.NW18|x86.Build.0 = Release|Any CPU
		{FCFF6A91-DAD6-4103-9044-EB845B58C652}.NW19|Any CPU.ActiveCfg = Release|Any CPU
		{FCFF6A91-DAD6-4103-9044-EB845B58C652}.NW19|Any CPU.Build.0 = Release|Any CPU
		{FCFF6A91-DAD6-4103-9044-EB845B58C652}.NW19|x64.ActiveCfg = Release|Any CPU
		{FCFF6A91-DAD6-4103-9044-EB845B58C652}.NW19|x64.Build.0 = Release|Any CPU
		{FCFF6A91-DAD6-4103-9044-EB845B58C652}.NW19|x86.ActiveCfg = Release|Any CPU
		{FCFF6A91-DAD6-4103-9044-EB845B58C652}.NW19|x86.Build.0 = Release|Any CPU
		{FCFF6A91-DAD6-4103-9044-EB845B58C652}.NW20|Any CPU.ActiveCfg = Release|Any CPU
		{FCFF6A91-DAD6-4103-9044-EB845B58C652}.NW20|Any CPU.Build.0 = Release|Any CPU
		{FCFF6A91-DAD6-4103-9044-EB845B58C652}.NW20|x64.ActiveCfg = Release|Any CPU
		{FCFF6A91-DAD6-4103-9044-EB845B58C652}.NW20|x64.Build.0 = Release|Any CPU
		{FCFF6A91-DAD6-4103-9044-EB845B58C652}.NW20|x86.ActiveCfg = Release|Any CPU
		{FCFF6A91-DAD6-4103-9044-EB845B58C652}.NW20|x86.Build.0 = Release|Any CPU
		{FCFF6A91-DAD6-4103-9044-EB845B58C652}.NW21|Any CPU.ActiveCfg = Release|Any CPU
		{FCFF6A91-DAD6-4103-9044-EB845B58C652}.NW21|Any CPU.Build.0 = Release|Any CPU
		{FCFF6A91-DAD6-4103-9044-EB845B58C652}.NW21|x64.ActiveCfg = Release|Any CPU
		{FCFF6A91-DAD6-4103-9044-EB845B58C652}.NW21|x64.Build.0 = Release|Any CPU
		{FCFF6A91-DAD6-4103-9044-EB845B58C652}.NW21|x86.ActiveCfg = Release|Any CPU
		{FCFF6A91-DAD6-4103-9044-EB845B58C652}.NW21|x86.Build.0 = Release|Any CPU
		{FCFF6A91-DAD6-4103-9044-EB845B58C652}.NW22|Any CPU.ActiveCfg = Release|Any CPU
		{FCFF6A91-DAD6-4103-9044-EB845B58C652}.NW22|Any CPU.Build.0 = Release|Any CPU
		{FCFF6A91-DAD6-4103-9044-EB845B58C652}.NW22|x64.ActiveCfg = Release|Any CPU
		{FCFF6A91-DAD6-4103-9044-EB845B58C652}.NW22|x64.Build.0 = Release|Any CPU
		{FCFF6A91-DAD6-4103-9044-EB845B58C652}.NW22|x86.ActiveCfg = Release|Any CPU
		{FCFF6A91-DAD6-4103-9044-EB845B58C652}.NW22|x86.Build.0 = Release|Any CPU
		{FCFF6A91-DAD6-4103-9044-EB845B58C652}.NW25|Any CPU.ActiveCfg = Release|Any CPU
		{FCFF6A91-DAD6-4103-9044-EB845B58C652}.NW25|Any CPU.Build.0 = Release|Any CPU
		{FCFF6A91-DAD6-4103-9044-EB845B58C652}.NW25|x64.ActiveCfg = Release|Any CPU
		{FCFF6A91-DAD6-4103-9044-EB845B58C652}.NW25|x64.Build.0 = Release|Any CPU
		{FCFF6A91-DAD6-4103-9044-EB845B58C652}.NW25|x86.ActiveCfg = Release|Any CPU
		{FCFF6A91-DAD6-4103-9044-EB845B58C652}.NW25|x86.Build.0 = Release|Any CPU
		{FCFF6A91-DAD6-4103-9044-EB845B58C652}.Release|Any CPU.ActiveCfg = Release|Any CPU
		{FCFF6A91-DAD6-4103-9044-EB845B58C652}.Release|x64.ActiveCfg = Release|Any CPU
		{FCFF6A91-DAD6-4103-9044-EB845B58C652}.Release|x86.ActiveCfg = Release|Any CPU
		{FCFF6A91-DAD6-4103-9044-EB845B58C652}.Release|x86.Build.0 = Release|Any CPU
		{FCFF6A91-DAD6-4103-9044-EB845B58C652}.RVT19|Any CPU.ActiveCfg = Release|Any CPU
		{FCFF6A91-DAD6-4103-9044-EB845B58C652}.RVT19|Any CPU.Build.0 = Release|Any CPU
		{FCFF6A91-DAD6-4103-9044-EB845B58C652}.RVT19|x64.ActiveCfg = Release|Any CPU
		{FCFF6A91-DAD6-4103-9044-EB845B58C652}.RVT19|x64.Build.0 = Release|Any CPU
		{FCFF6A91-DAD6-4103-9044-EB845B58C652}.RVT19|x86.ActiveCfg = Release|Any CPU
		{FCFF6A91-DAD6-4103-9044-EB845B58C652}.RVT19|x86.Build.0 = Release|Any CPU
		{FCFF6A91-DAD6-4103-9044-EB845B58C652}.RVT20|Any CPU.ActiveCfg = Release|Any CPU
		{FCFF6A91-DAD6-4103-9044-EB845B58C652}.RVT20|Any CPU.Build.0 = Release|Any CPU
		{FCFF6A91-DAD6-4103-9044-EB845B58C652}.RVT20|x64.ActiveCfg = Release|Any CPU
		{FCFF6A91-DAD6-4103-9044-EB845B58C652}.RVT20|x64.Build.0 = Release|Any CPU
		{FCFF6A91-DAD6-4103-9044-EB845B58C652}.RVT20|x86.ActiveCfg = Release|Any CPU
		{FCFF6A91-DAD6-4103-9044-EB845B58C652}.RVT20|x86.Build.0 = Release|Any CPU
		{FCFF6A91-DAD6-4103-9044-EB845B58C652}.RVT21|Any CPU.ActiveCfg = Release|Any CPU
		{FCFF6A91-DAD6-4103-9044-EB845B58C652}.RVT21|Any CPU.Build.0 = Release|Any CPU
		{FCFF6A91-DAD6-4103-9044-EB845B58C652}.RVT21|x64.ActiveCfg = Release|Any CPU
		{FCFF6A91-DAD6-4103-9044-EB845B58C652}.RVT21|x64.Build.0 = Release|Any CPU
		{FCFF6A91-DAD6-4103-9044-EB845B58C652}.RVT21|x86.ActiveCfg = Release|Any CPU
		{FCFF6A91-DAD6-4103-9044-EB845B58C652}.RVT21|x86.Build.0 = Release|Any CPU
		{FCFF6A91-DAD6-4103-9044-EB845B58C652}.RVT22|Any CPU.ActiveCfg = Release|Any CPU
		{FCFF6A91-DAD6-4103-9044-EB845B58C652}.RVT22|Any CPU.Build.0 = Release|Any CPU
		{FCFF6A91-DAD6-4103-9044-EB845B58C652}.RVT22|x64.ActiveCfg = Release|Any CPU
		{FCFF6A91-DAD6-4103-9044-EB845B58C652}.RVT22|x64.Build.0 = Release|Any CPU
		{FCFF6A91-DAD6-4103-9044-EB845B58C652}.RVT22|x86.ActiveCfg = Release|Any CPU
		{FCFF6A91-DAD6-4103-9044-EB845B58C652}.RVT22|x86.Build.0 = Release|Any CPU
		{C26B6AFB-D064-428D-839B-D88B12E8880C}.Debug|Any CPU.ActiveCfg = Release
		{C26B6AFB-D064-428D-839B-D88B12E8880C}.Debug|x64.ActiveCfg = Release
		{C26B6AFB-D064-428D-839B-D88B12E8880C}.Debug|x86.ActiveCfg = Release
		{C26B6AFB-D064-428D-839B-D88B12E8880C}.Debug|x86.Build.0 = Release
		{C26B6AFB-D064-428D-839B-D88B12E8880C}.NW17|Any CPU.ActiveCfg = Release
		{C26B6AFB-D064-428D-839B-D88B12E8880C}.NW17|x64.ActiveCfg = Release
		{C26B6AFB-D064-428D-839B-D88B12E8880C}.NW17|x86.ActiveCfg = Release
		{C26B6AFB-D064-428D-839B-D88B12E8880C}.NW18|Any CPU.ActiveCfg = Release
		{C26B6AFB-D064-428D-839B-D88B12E8880C}.NW18|x64.ActiveCfg = Release
		{C26B6AFB-D064-428D-839B-D88B12E8880C}.NW18|x86.ActiveCfg = Release
		{C26B6AFB-D064-428D-839B-D88B12E8880C}.NW19|Any CPU.ActiveCfg = Release
		{C26B6AFB-D064-428D-839B-D88B12E8880C}.NW19|x64.ActiveCfg = Release
		{C26B6AFB-D064-428D-839B-D88B12E8880C}.NW19|x86.ActiveCfg = Release
		{C26B6AFB-D064-428D-839B-D88B12E8880C}.NW20|Any CPU.ActiveCfg = Release
		{C26B6AFB-D064-428D-839B-D88B12E8880C}.NW20|x64.ActiveCfg = Release
		{C26B6AFB-D064-428D-839B-D88B12E8880C}.NW20|x86.ActiveCfg = Release
		{C26B6AFB-D064-428D-839B-D88B12E8880C}.NW21|Any CPU.ActiveCfg = Release
		{C26B6AFB-D064-428D-839B-D88B12E8880C}.NW21|x64.ActiveCfg = Release
		{C26B6AFB-D064-428D-839B-D88B12E8880C}.NW21|x86.ActiveCfg = Release
		{C26B6AFB-D064-428D-839B-D88B12E8880C}.NW22|Any CPU.ActiveCfg = Release
		{C26B6AFB-D064-428D-839B-D88B12E8880C}.NW22|x64.ActiveCfg = Release
		{C26B6AFB-D064-428D-839B-D88B12E8880C}.NW22|x86.ActiveCfg = Release
		{C26B6AFB-D064-428D-839B-D88B12E8880C}.NW25|Any CPU.ActiveCfg = Release
		{C26B6AFB-D064-428D-839B-D88B12E8880C}.NW25|x64.ActiveCfg = Release
		{C26B6AFB-D064-428D-839B-D88B12E8880C}.NW25|x86.ActiveCfg = Release
		{C26B6AFB-D064-428D-839B-D88B12E8880C}.Release|Any CPU.ActiveCfg = Release
		{C26B6AFB-D064-428D-839B-D88B12E8880C}.Release|Any CPU.Build.0 = Release
		{C26B6AFB-D064-428D-839B-D88B12E8880C}.Release|x64.ActiveCfg = Release
		{C26B6AFB-D064-428D-839B-D88B12E8880C}.Release|x64.Build.0 = Release
		{C26B6AFB-D064-428D-839B-D88B12E8880C}.Release|x86.ActiveCfg = Release
		{C26B6AFB-D064-428D-839B-D88B12E8880C}.RVT19|Any CPU.ActiveCfg = Release
		{C26B6AFB-D064-428D-839B-D88B12E8880C}.RVT19|x64.ActiveCfg = Release
		{C26B6AFB-D064-428D-839B-D88B12E8880C}.RVT19|x86.ActiveCfg = Release
		{C26B6AFB-D064-428D-839B-D88B12E8880C}.RVT19|x86.Build.0 = Release
		{C26B6AFB-D064-428D-839B-D88B12E8880C}.RVT20|Any CPU.ActiveCfg = Release
		{C26B6AFB-D064-428D-839B-D88B12E8880C}.RVT20|x64.ActiveCfg = Release
		{C26B6AFB-D064-428D-839B-D88B12E8880C}.RVT20|x64.Build.0 = Release
		{C26B6AFB-D064-428D-839B-D88B12E8880C}.RVT20|x86.ActiveCfg = Release
		{C26B6AFB-D064-428D-839B-D88B12E8880C}.RVT20|x86.Build.0 = Release
		{C26B6AFB-D064-428D-839B-D88B12E8880C}.RVT21|Any CPU.ActiveCfg = Release
		{C26B6AFB-D064-428D-839B-D88B12E8880C}.RVT21|x64.ActiveCfg = Release
		{C26B6AFB-D064-428D-839B-D88B12E8880C}.RVT21|x64.Build.0 = Release
		{C26B6AFB-D064-428D-839B-D88B12E8880C}.RVT21|x86.ActiveCfg = Release
		{C26B6AFB-D064-428D-839B-D88B12E8880C}.RVT21|x86.Build.0 = Release
		{C26B6AFB-D064-428D-839B-D88B12E8880C}.RVT22|Any CPU.ActiveCfg = Release
		{C26B6AFB-D064-428D-839B-D88B12E8880C}.RVT22|x64.ActiveCfg = Release
		{C26B6AFB-D064-428D-839B-D88B12E8880C}.RVT22|x64.Build.0 = Release
		{C26B6AFB-D064-428D-839B-D88B12E8880C}.RVT22|x86.ActiveCfg = Release
		{C26B6AFB-D064-428D-839B-D88B12E8880C}.RVT22|x86.Build.0 = Release
		{F32A3FB1-76EC-4A36-89F5-D0A66C4BDEFE}.Debug|Any CPU.ActiveCfg = Debug|Any CPU
		{F32A3FB1-76EC-4A36-89F5-D0A66C4BDEFE}.Debug|Any CPU.Build.0 = Debug|Any CPU
		{F32A3FB1-76EC-4A36-89F5-D0A66C4BDEFE}.Debug|x64.ActiveCfg = Debug|Any CPU
		{F32A3FB1-76EC-4A36-89F5-D0A66C4BDEFE}.Debug|x64.Build.0 = Debug|Any CPU
		{F32A3FB1-76EC-4A36-89F5-D0A66C4BDEFE}.Debug|x86.ActiveCfg = Debug|Any CPU
		{F32A3FB1-76EC-4A36-89F5-D0A66C4BDEFE}.Debug|x86.Build.0 = Debug|Any CPU
		{F32A3FB1-76EC-4A36-89F5-D0A66C4BDEFE}.NW17|Any CPU.ActiveCfg = Release|Any CPU
		{F32A3FB1-76EC-4A36-89F5-D0A66C4BDEFE}.NW17|Any CPU.Build.0 = Release|Any CPU
		{F32A3FB1-76EC-4A36-89F5-D0A66C4BDEFE}.NW17|x64.ActiveCfg = Release|Any CPU
		{F32A3FB1-76EC-4A36-89F5-D0A66C4BDEFE}.NW17|x64.Build.0 = Release|Any CPU
		{F32A3FB1-76EC-4A36-89F5-D0A66C4BDEFE}.NW17|x86.ActiveCfg = Release|Any CPU
		{F32A3FB1-76EC-4A36-89F5-D0A66C4BDEFE}.NW17|x86.Build.0 = Release|Any CPU
		{F32A3FB1-76EC-4A36-89F5-D0A66C4BDEFE}.NW18|Any CPU.ActiveCfg = Release|Any CPU
		{F32A3FB1-76EC-4A36-89F5-D0A66C4BDEFE}.NW18|Any CPU.Build.0 = Release|Any CPU
		{F32A3FB1-76EC-4A36-89F5-D0A66C4BDEFE}.NW18|x64.ActiveCfg = Release|Any CPU
		{F32A3FB1-76EC-4A36-89F5-D0A66C4BDEFE}.NW18|x64.Build.0 = Release|Any CPU
		{F32A3FB1-76EC-4A36-89F5-D0A66C4BDEFE}.NW18|x86.ActiveCfg = Release|Any CPU
		{F32A3FB1-76EC-4A36-89F5-D0A66C4BDEFE}.NW18|x86.Build.0 = Release|Any CPU
		{F32A3FB1-76EC-4A36-89F5-D0A66C4BDEFE}.NW19|Any CPU.ActiveCfg = Release|Any CPU
		{F32A3FB1-76EC-4A36-89F5-D0A66C4BDEFE}.NW19|Any CPU.Build.0 = Release|Any CPU
		{F32A3FB1-76EC-4A36-89F5-D0A66C4BDEFE}.NW19|x64.ActiveCfg = Release|Any CPU
		{F32A3FB1-76EC-4A36-89F5-D0A66C4BDEFE}.NW19|x64.Build.0 = Release|Any CPU
		{F32A3FB1-76EC-4A36-89F5-D0A66C4BDEFE}.NW19|x86.ActiveCfg = Release|Any CPU
		{F32A3FB1-76EC-4A36-89F5-D0A66C4BDEFE}.NW19|x86.Build.0 = Release|Any CPU
		{F32A3FB1-76EC-4A36-89F5-D0A66C4BDEFE}.NW20|Any CPU.ActiveCfg = Release|Any CPU
		{F32A3FB1-76EC-4A36-89F5-D0A66C4BDEFE}.NW20|Any CPU.Build.0 = Release|Any CPU
		{F32A3FB1-76EC-4A36-89F5-D0A66C4BDEFE}.NW20|x64.ActiveCfg = Release|Any CPU
		{F32A3FB1-76EC-4A36-89F5-D0A66C4BDEFE}.NW20|x64.Build.0 = Release|Any CPU
		{F32A3FB1-76EC-4A36-89F5-D0A66C4BDEFE}.NW20|x86.ActiveCfg = Release|Any CPU
		{F32A3FB1-76EC-4A36-89F5-D0A66C4BDEFE}.NW20|x86.Build.0 = Release|Any CPU
		{F32A3FB1-76EC-4A36-89F5-D0A66C4BDEFE}.NW21|Any CPU.ActiveCfg = Release|Any CPU
		{F32A3FB1-76EC-4A36-89F5-D0A66C4BDEFE}.NW21|Any CPU.Build.0 = Release|Any CPU
		{F32A3FB1-76EC-4A36-89F5-D0A66C4BDEFE}.NW21|x64.ActiveCfg = Release|Any CPU
		{F32A3FB1-76EC-4A36-89F5-D0A66C4BDEFE}.NW21|x64.Build.0 = Release|Any CPU
		{F32A3FB1-76EC-4A36-89F5-D0A66C4BDEFE}.NW21|x86.ActiveCfg = Release|Any CPU
		{F32A3FB1-76EC-4A36-89F5-D0A66C4BDEFE}.NW21|x86.Build.0 = Release|Any CPU
		{F32A3FB1-76EC-4A36-89F5-D0A66C4BDEFE}.NW22|Any CPU.ActiveCfg = Release|Any CPU
		{F32A3FB1-76EC-4A36-89F5-D0A66C4BDEFE}.NW22|Any CPU.Build.0 = Release|Any CPU
		{F32A3FB1-76EC-4A36-89F5-D0A66C4BDEFE}.NW22|x64.ActiveCfg = Release|Any CPU
		{F32A3FB1-76EC-4A36-89F5-D0A66C4BDEFE}.NW22|x64.Build.0 = Release|Any CPU
		{F32A3FB1-76EC-4A36-89F5-D0A66C4BDEFE}.NW22|x86.ActiveCfg = Release|Any CPU
		{F32A3FB1-76EC-4A36-89F5-D0A66C4BDEFE}.NW22|x86.Build.0 = Release|Any CPU
		{F32A3FB1-76EC-4A36-89F5-D0A66C4BDEFE}.NW25|Any CPU.ActiveCfg = Release|Any CPU
		{F32A3FB1-76EC-4A36-89F5-D0A66C4BDEFE}.NW25|Any CPU.Build.0 = Release|Any CPU
		{F32A3FB1-76EC-4A36-89F5-D0A66C4BDEFE}.NW25|x64.ActiveCfg = Release|Any CPU
		{F32A3FB1-76EC-4A36-89F5-D0A66C4BDEFE}.NW25|x64.Build.0 = Release|Any CPU
		{F32A3FB1-76EC-4A36-89F5-D0A66C4BDEFE}.NW25|x86.ActiveCfg = Release|Any CPU
		{F32A3FB1-76EC-4A36-89F5-D0A66C4BDEFE}.NW25|x86.Build.0 = Release|Any CPU
		{F32A3FB1-76EC-4A36-89F5-D0A66C4BDEFE}.Release|Any CPU.ActiveCfg = Release|Any CPU
		{F32A3FB1-76EC-4A36-89F5-D0A66C4BDEFE}.Release|x64.ActiveCfg = Release|Any CPU
		{F32A3FB1-76EC-4A36-89F5-D0A66C4BDEFE}.Release|x86.ActiveCfg = Release|Any CPU
		{F32A3FB1-76EC-4A36-89F5-D0A66C4BDEFE}.Release|x86.Build.0 = Release|Any CPU
		{F32A3FB1-76EC-4A36-89F5-D0A66C4BDEFE}.RVT19|Any CPU.ActiveCfg = Release|Any CPU
		{F32A3FB1-76EC-4A36-89F5-D0A66C4BDEFE}.RVT19|x64.ActiveCfg = Release|Any CPU
		{F32A3FB1-76EC-4A36-89F5-D0A66C4BDEFE}.RVT19|x64.Build.0 = Release|Any CPU
		{F32A3FB1-76EC-4A36-89F5-D0A66C4BDEFE}.RVT19|x86.ActiveCfg = Release|Any CPU
		{F32A3FB1-76EC-4A36-89F5-D0A66C4BDEFE}.RVT19|x86.Build.0 = Release|Any CPU
		{F32A3FB1-76EC-4A36-89F5-D0A66C4BDEFE}.RVT20|Any CPU.ActiveCfg = Release|Any CPU
		{F32A3FB1-76EC-4A36-89F5-D0A66C4BDEFE}.RVT20|x64.ActiveCfg = Release|Any CPU
		{F32A3FB1-76EC-4A36-89F5-D0A66C4BDEFE}.RVT20|x64.Build.0 = Release|Any CPU
		{F32A3FB1-76EC-4A36-89F5-D0A66C4BDEFE}.RVT20|x86.ActiveCfg = Release|Any CPU
		{F32A3FB1-76EC-4A36-89F5-D0A66C4BDEFE}.RVT20|x86.Build.0 = Release|Any CPU
		{F32A3FB1-76EC-4A36-89F5-D0A66C4BDEFE}.RVT21|Any CPU.ActiveCfg = Release|Any CPU
		{F32A3FB1-76EC-4A36-89F5-D0A66C4BDEFE}.RVT21|x64.ActiveCfg = Release|Any CPU
		{F32A3FB1-76EC-4A36-89F5-D0A66C4BDEFE}.RVT21|x64.Build.0 = Release|Any CPU
		{F32A3FB1-76EC-4A36-89F5-D0A66C4BDEFE}.RVT21|x86.ActiveCfg = Release|Any CPU
		{F32A3FB1-76EC-4A36-89F5-D0A66C4BDEFE}.RVT21|x86.Build.0 = Release|Any CPU
		{F32A3FB1-76EC-4A36-89F5-D0A66C4BDEFE}.RVT22|Any CPU.ActiveCfg = Release|Any CPU
		{F32A3FB1-76EC-4A36-89F5-D0A66C4BDEFE}.RVT22|x64.ActiveCfg = Release|Any CPU
		{F32A3FB1-76EC-4A36-89F5-D0A66C4BDEFE}.RVT22|x64.Build.0 = Release|Any CPU
		{F32A3FB1-76EC-4A36-89F5-D0A66C4BDEFE}.RVT22|x86.ActiveCfg = Release|Any CPU
		{F32A3FB1-76EC-4A36-89F5-D0A66C4BDEFE}.RVT22|x86.Build.0 = Release|Any CPU
		{F7136E15-0B97-4E54-868F-09E3D5457351}.Debug|Any CPU.ActiveCfg = Debug|Any CPU
		{F7136E15-0B97-4E54-868F-09E3D5457351}.Debug|Any CPU.Build.0 = Debug|Any CPU
		{F7136E15-0B97-4E54-868F-09E3D5457351}.Debug|x64.ActiveCfg = Debug|Any CPU
		{F7136E15-0B97-4E54-868F-09E3D5457351}.Debug|x64.Build.0 = Debug|Any CPU
		{F7136E15-0B97-4E54-868F-09E3D5457351}.Debug|x86.ActiveCfg = Debug|Any CPU
		{F7136E15-0B97-4E54-868F-09E3D5457351}.Debug|x86.Build.0 = Debug|Any CPU
		{F7136E15-0B97-4E54-868F-09E3D5457351}.NW17|Any CPU.ActiveCfg = Release|Any CPU
		{F7136E15-0B97-4E54-868F-09E3D5457351}.NW17|Any CPU.Build.0 = Release|Any CPU
		{F7136E15-0B97-4E54-868F-09E3D5457351}.NW17|x64.ActiveCfg = Release|Any CPU
		{F7136E15-0B97-4E54-868F-09E3D5457351}.NW17|x86.ActiveCfg = Release|Any CPU
		{F7136E15-0B97-4E54-868F-09E3D5457351}.NW17|x86.Build.0 = Release|Any CPU
		{F7136E15-0B97-4E54-868F-09E3D5457351}.NW18|Any CPU.ActiveCfg = Release|Any CPU
		{F7136E15-0B97-4E54-868F-09E3D5457351}.NW18|Any CPU.Build.0 = Release|Any CPU
		{F7136E15-0B97-4E54-868F-09E3D5457351}.NW18|x64.ActiveCfg = Release|Any CPU
		{F7136E15-0B97-4E54-868F-09E3D5457351}.NW18|x86.ActiveCfg = Release|Any CPU
		{F7136E15-0B97-4E54-868F-09E3D5457351}.NW18|x86.Build.0 = Release|Any CPU
		{F7136E15-0B97-4E54-868F-09E3D5457351}.NW19|Any CPU.ActiveCfg = Release|Any CPU
		{F7136E15-0B97-4E54-868F-09E3D5457351}.NW19|Any CPU.Build.0 = Release|Any CPU
		{F7136E15-0B97-4E54-868F-09E3D5457351}.NW19|x64.ActiveCfg = Release|Any CPU
		{F7136E15-0B97-4E54-868F-09E3D5457351}.NW19|x86.ActiveCfg = Release|Any CPU
		{F7136E15-0B97-4E54-868F-09E3D5457351}.NW19|x86.Build.0 = Release|Any CPU
		{F7136E15-0B97-4E54-868F-09E3D5457351}.NW20|Any CPU.ActiveCfg = Release|Any CPU
		{F7136E15-0B97-4E54-868F-09E3D5457351}.NW20|Any CPU.Build.0 = Release|Any CPU
		{F7136E15-0B97-4E54-868F-09E3D5457351}.NW20|x64.ActiveCfg = Release|Any CPU
		{F7136E15-0B97-4E54-868F-09E3D5457351}.NW20|x86.ActiveCfg = Release|Any CPU
		{F7136E15-0B97-4E54-868F-09E3D5457351}.NW20|x86.Build.0 = Release|Any CPU
		{F7136E15-0B97-4E54-868F-09E3D5457351}.NW21|Any CPU.ActiveCfg = Release|Any CPU
		{F7136E15-0B97-4E54-868F-09E3D5457351}.NW21|Any CPU.Build.0 = Release|Any CPU
		{F7136E15-0B97-4E54-868F-09E3D5457351}.NW21|x64.ActiveCfg = Release|Any CPU
		{F7136E15-0B97-4E54-868F-09E3D5457351}.NW21|x86.ActiveCfg = Release|Any CPU
		{F7136E15-0B97-4E54-868F-09E3D5457351}.NW21|x86.Build.0 = Release|Any CPU
		{F7136E15-0B97-4E54-868F-09E3D5457351}.NW22|Any CPU.ActiveCfg = Release|Any CPU
		{F7136E15-0B97-4E54-868F-09E3D5457351}.NW22|Any CPU.Build.0 = Release|Any CPU
		{F7136E15-0B97-4E54-868F-09E3D5457351}.NW22|x64.ActiveCfg = Release|Any CPU
		{F7136E15-0B97-4E54-868F-09E3D5457351}.NW22|x86.ActiveCfg = Release|Any CPU
		{F7136E15-0B97-4E54-868F-09E3D5457351}.NW22|x86.Build.0 = Release|Any CPU
		{F7136E15-0B97-4E54-868F-09E3D5457351}.NW25|Any CPU.ActiveCfg = Release|Any CPU
		{F7136E15-0B97-4E54-868F-09E3D5457351}.NW25|Any CPU.Build.0 = Release|Any CPU
		{F7136E15-0B97-4E54-868F-09E3D5457351}.NW25|x64.ActiveCfg = Release|Any CPU
		{F7136E15-0B97-4E54-868F-09E3D5457351}.NW25|x86.ActiveCfg = Release|Any CPU
		{F7136E15-0B97-4E54-868F-09E3D5457351}.NW25|x86.Build.0 = Release|Any CPU
		{F7136E15-0B97-4E54-868F-09E3D5457351}.Release|Any CPU.ActiveCfg = Release|Any CPU
		{F7136E15-0B97-4E54-868F-09E3D5457351}.Release|x64.ActiveCfg = Release|Any CPU
		{F7136E15-0B97-4E54-868F-09E3D5457351}.Release|x86.ActiveCfg = Release|Any CPU
		{F7136E15-0B97-4E54-868F-09E3D5457351}.Release|x86.Build.0 = Release|Any CPU
		{F7136E15-0B97-4E54-868F-09E3D5457351}.RVT19|Any CPU.ActiveCfg = Release|Any CPU
		{F7136E15-0B97-4E54-868F-09E3D5457351}.RVT19|x64.ActiveCfg = Release|Any CPU
		{F7136E15-0B97-4E54-868F-09E3D5457351}.RVT19|x64.Build.0 = Release|Any CPU
		{F7136E15-0B97-4E54-868F-09E3D5457351}.RVT19|x86.ActiveCfg = Release|Any CPU
		{F7136E15-0B97-4E54-868F-09E3D5457351}.RVT19|x86.Build.0 = Release|Any CPU
		{F7136E15-0B97-4E54-868F-09E3D5457351}.RVT20|Any CPU.ActiveCfg = Release|Any CPU
		{F7136E15-0B97-4E54-868F-09E3D5457351}.RVT20|x64.ActiveCfg = Release|Any CPU
		{F7136E15-0B97-4E54-868F-09E3D5457351}.RVT20|x64.Build.0 = Release|Any CPU
		{F7136E15-0B97-4E54-868F-09E3D5457351}.RVT20|x86.ActiveCfg = Release|Any CPU
		{F7136E15-0B97-4E54-868F-09E3D5457351}.RVT20|x86.Build.0 = Release|Any CPU
		{F7136E15-0B97-4E54-868F-09E3D5457351}.RVT21|Any CPU.ActiveCfg = Release|Any CPU
		{F7136E15-0B97-4E54-868F-09E3D5457351}.RVT21|x64.ActiveCfg = Release|Any CPU
		{F7136E15-0B97-4E54-868F-09E3D5457351}.RVT21|x64.Build.0 = Release|Any CPU
		{F7136E15-0B97-4E54-868F-09E3D5457351}.RVT21|x86.ActiveCfg = Release|Any CPU
		{F7136E15-0B97-4E54-868F-09E3D5457351}.RVT21|x86.Build.0 = Release|Any CPU
		{F7136E15-0B97-4E54-868F-09E3D5457351}.RVT22|Any CPU.ActiveCfg = Release|Any CPU
		{F7136E15-0B97-4E54-868F-09E3D5457351}.RVT22|x64.ActiveCfg = Release|Any CPU
		{F7136E15-0B97-4E54-868F-09E3D5457351}.RVT22|x64.Build.0 = Release|Any CPU
		{F7136E15-0B97-4E54-868F-09E3D5457351}.RVT22|x86.ActiveCfg = Release|Any CPU
		{F7136E15-0B97-4E54-868F-09E3D5457351}.RVT22|x86.Build.0 = Release|Any CPU
		{10166A2D-B6AD-4C5E-BAB5-EF3E4780ECA2}.Debug|Any CPU.ActiveCfg = Debug|Any CPU
		{10166A2D-B6AD-4C5E-BAB5-EF3E4780ECA2}.Debug|Any CPU.Build.0 = Debug|Any CPU
		{10166A2D-B6AD-4C5E-BAB5-EF3E4780ECA2}.Debug|x64.ActiveCfg = Debug|Any CPU
		{10166A2D-B6AD-4C5E-BAB5-EF3E4780ECA2}.Debug|x64.Build.0 = Debug|Any CPU
		{10166A2D-B6AD-4C5E-BAB5-EF3E4780ECA2}.Debug|x86.ActiveCfg = Debug|Any CPU
		{10166A2D-B6AD-4C5E-BAB5-EF3E4780ECA2}.Debug|x86.Build.0 = Debug|Any CPU
		{10166A2D-B6AD-4C5E-BAB5-EF3E4780ECA2}.NW17|Any CPU.ActiveCfg = Release|Any CPU
		{10166A2D-B6AD-4C5E-BAB5-EF3E4780ECA2}.NW17|Any CPU.Build.0 = Release|Any CPU
		{10166A2D-B6AD-4C5E-BAB5-EF3E4780ECA2}.NW17|x64.ActiveCfg = Release|Any CPU
		{10166A2D-B6AD-4C5E-BAB5-EF3E4780ECA2}.NW17|x86.ActiveCfg = Release|Any CPU
		{10166A2D-B6AD-4C5E-BAB5-EF3E4780ECA2}.NW17|x86.Build.0 = Release|Any CPU
		{10166A2D-B6AD-4C5E-BAB5-EF3E4780ECA2}.NW18|Any CPU.ActiveCfg = Release|Any CPU
		{10166A2D-B6AD-4C5E-BAB5-EF3E4780ECA2}.NW18|Any CPU.Build.0 = Release|Any CPU
		{10166A2D-B6AD-4C5E-BAB5-EF3E4780ECA2}.NW18|x64.ActiveCfg = Release|Any CPU
		{10166A2D-B6AD-4C5E-BAB5-EF3E4780ECA2}.NW18|x86.ActiveCfg = Release|Any CPU
		{10166A2D-B6AD-4C5E-BAB5-EF3E4780ECA2}.NW18|x86.Build.0 = Release|Any CPU
		{10166A2D-B6AD-4C5E-BAB5-EF3E4780ECA2}.NW19|Any CPU.ActiveCfg = Release|Any CPU
		{10166A2D-B6AD-4C5E-BAB5-EF3E4780ECA2}.NW19|Any CPU.Build.0 = Release|Any CPU
		{10166A2D-B6AD-4C5E-BAB5-EF3E4780ECA2}.NW19|x64.ActiveCfg = Release|Any CPU
		{10166A2D-B6AD-4C5E-BAB5-EF3E4780ECA2}.NW19|x86.ActiveCfg = Release|Any CPU
		{10166A2D-B6AD-4C5E-BAB5-EF3E4780ECA2}.NW19|x86.Build.0 = Release|Any CPU
		{10166A2D-B6AD-4C5E-BAB5-EF3E4780ECA2}.NW20|Any CPU.ActiveCfg = Release|Any CPU
		{10166A2D-B6AD-4C5E-BAB5-EF3E4780ECA2}.NW20|Any CPU.Build.0 = Release|Any CPU
		{10166A2D-B6AD-4C5E-BAB5-EF3E4780ECA2}.NW20|x64.ActiveCfg = Release|Any CPU
		{10166A2D-B6AD-4C5E-BAB5-EF3E4780ECA2}.NW20|x86.ActiveCfg = Release|Any CPU
		{10166A2D-B6AD-4C5E-BAB5-EF3E4780ECA2}.NW20|x86.Build.0 = Release|Any CPU
		{10166A2D-B6AD-4C5E-BAB5-EF3E4780ECA2}.NW21|Any CPU.ActiveCfg = Release|Any CPU
		{10166A2D-B6AD-4C5E-BAB5-EF3E4780ECA2}.NW21|Any CPU.Build.0 = Release|Any CPU
		{10166A2D-B6AD-4C5E-BAB5-EF3E4780ECA2}.NW21|x64.ActiveCfg = Release|Any CPU
		{10166A2D-B6AD-4C5E-BAB5-EF3E4780ECA2}.NW21|x86.ActiveCfg = Release|Any CPU
		{10166A2D-B6AD-4C5E-BAB5-EF3E4780ECA2}.NW21|x86.Build.0 = Release|Any CPU
		{10166A2D-B6AD-4C5E-BAB5-EF3E4780ECA2}.NW22|Any CPU.ActiveCfg = Release|Any CPU
		{10166A2D-B6AD-4C5E-BAB5-EF3E4780ECA2}.NW22|Any CPU.Build.0 = Release|Any CPU
		{10166A2D-B6AD-4C5E-BAB5-EF3E4780ECA2}.NW22|x64.ActiveCfg = Release|Any CPU
		{10166A2D-B6AD-4C5E-BAB5-EF3E4780ECA2}.NW22|x86.ActiveCfg = Release|Any CPU
		{10166A2D-B6AD-4C5E-BAB5-EF3E4780ECA2}.NW22|x86.Build.0 = Release|Any CPU
		{10166A2D-B6AD-4C5E-BAB5-EF3E4780ECA2}.NW25|Any CPU.ActiveCfg = Release|Any CPU
		{10166A2D-B6AD-4C5E-BAB5-EF3E4780ECA2}.NW25|Any CPU.Build.0 = Release|Any CPU
		{10166A2D-B6AD-4C5E-BAB5-EF3E4780ECA2}.NW25|x64.ActiveCfg = Release|Any CPU
		{10166A2D-B6AD-4C5E-BAB5-EF3E4780ECA2}.NW25|x86.ActiveCfg = Release|Any CPU
		{10166A2D-B6AD-4C5E-BAB5-EF3E4780ECA2}.NW25|x86.Build.0 = Release|Any CPU
		{10166A2D-B6AD-4C5E-BAB5-EF3E4780ECA2}.Release|Any CPU.ActiveCfg = Release|Any CPU
		{10166A2D-B6AD-4C5E-BAB5-EF3E4780ECA2}.Release|Any CPU.Build.0 = Release|Any CPU
		{10166A2D-B6AD-4C5E-BAB5-EF3E4780ECA2}.Release|x64.ActiveCfg = Release|Any CPU
		{10166A2D-B6AD-4C5E-BAB5-EF3E4780ECA2}.Release|x64.Build.0 = Release|Any CPU
		{10166A2D-B6AD-4C5E-BAB5-EF3E4780ECA2}.Release|x86.ActiveCfg = Release|Any CPU
		{10166A2D-B6AD-4C5E-BAB5-EF3E4780ECA2}.Release|x86.Build.0 = Release|Any CPU
		{10166A2D-B6AD-4C5E-BAB5-EF3E4780ECA2}.RVT19|Any CPU.ActiveCfg = Release|Any CPU
		{10166A2D-B6AD-4C5E-BAB5-EF3E4780ECA2}.RVT19|x64.ActiveCfg = Release|Any CPU
		{10166A2D-B6AD-4C5E-BAB5-EF3E4780ECA2}.RVT19|x64.Build.0 = Release|Any CPU
		{10166A2D-B6AD-4C5E-BAB5-EF3E4780ECA2}.RVT19|x86.ActiveCfg = Release|Any CPU
		{10166A2D-B6AD-4C5E-BAB5-EF3E4780ECA2}.RVT19|x86.Build.0 = Release|Any CPU
		{10166A2D-B6AD-4C5E-BAB5-EF3E4780ECA2}.RVT20|Any CPU.ActiveCfg = Release|Any CPU
		{10166A2D-B6AD-4C5E-BAB5-EF3E4780ECA2}.RVT20|x64.ActiveCfg = Release|Any CPU
		{10166A2D-B6AD-4C5E-BAB5-EF3E4780ECA2}.RVT20|x64.Build.0 = Release|Any CPU
		{10166A2D-B6AD-4C5E-BAB5-EF3E4780ECA2}.RVT20|x86.ActiveCfg = Release|Any CPU
		{10166A2D-B6AD-4C5E-BAB5-EF3E4780ECA2}.RVT20|x86.Build.0 = Release|Any CPU
		{10166A2D-B6AD-4C5E-BAB5-EF3E4780ECA2}.RVT21|Any CPU.ActiveCfg = Release|Any CPU
		{10166A2D-B6AD-4C5E-BAB5-EF3E4780ECA2}.RVT21|x64.ActiveCfg = Release|Any CPU
		{10166A2D-B6AD-4C5E-BAB5-EF3E4780ECA2}.RVT21|x64.Build.0 = Release|Any CPU
		{10166A2D-B6AD-4C5E-BAB5-EF3E4780ECA2}.RVT21|x86.ActiveCfg = Release|Any CPU
		{10166A2D-B6AD-4C5E-BAB5-EF3E4780ECA2}.RVT21|x86.Build.0 = Release|Any CPU
		{10166A2D-B6AD-4C5E-BAB5-EF3E4780ECA2}.RVT22|Any CPU.ActiveCfg = Release|Any CPU
		{10166A2D-B6AD-4C5E-BAB5-EF3E4780ECA2}.RVT22|x64.ActiveCfg = Release|Any CPU
		{10166A2D-B6AD-4C5E-BAB5-EF3E4780ECA2}.RVT22|x64.Build.0 = Release|Any CPU
		{10166A2D-B6AD-4C5E-BAB5-EF3E4780ECA2}.RVT22|x86.ActiveCfg = Release|Any CPU
		{10166A2D-B6AD-4C5E-BAB5-EF3E4780ECA2}.RVT22|x86.Build.0 = Release|Any CPU
		{7216B9D2-1629-48FA-B6B5-E1A7FD101011}.Debug|Any CPU.ActiveCfg = Debug|Any CPU
		{7216B9D2-1629-48FA-B6B5-E1A7FD101011}.Debug|Any CPU.Build.0 = Debug|Any CPU
		{7216B9D2-1629-48FA-B6B5-E1A7FD101011}.Debug|x64.ActiveCfg = Debug|Any CPU
		{7216B9D2-1629-48FA-B6B5-E1A7FD101011}.Debug|x64.Build.0 = Debug|Any CPU
		{7216B9D2-1629-48FA-B6B5-E1A7FD101011}.Debug|x86.ActiveCfg = Debug|Any CPU
		{7216B9D2-1629-48FA-B6B5-E1A7FD101011}.Debug|x86.Build.0 = Debug|Any CPU
		{7216B9D2-1629-48FA-B6B5-E1A7FD101011}.NW17|Any CPU.ActiveCfg = Release|Any CPU
		{7216B9D2-1629-48FA-B6B5-E1A7FD101011}.NW17|Any CPU.Build.0 = Release|Any CPU
		{7216B9D2-1629-48FA-B6B5-E1A7FD101011}.NW17|x64.ActiveCfg = Release|Any CPU
		{7216B9D2-1629-48FA-B6B5-E1A7FD101011}.NW17|x64.Build.0 = Release|Any CPU
		{7216B9D2-1629-48FA-B6B5-E1A7FD101011}.NW17|x86.ActiveCfg = Release|Any CPU
		{7216B9D2-1629-48FA-B6B5-E1A7FD101011}.NW17|x86.Build.0 = Release|Any CPU
		{7216B9D2-1629-48FA-B6B5-E1A7FD101011}.NW18|Any CPU.ActiveCfg = Release|Any CPU
		{7216B9D2-1629-48FA-B6B5-E1A7FD101011}.NW18|Any CPU.Build.0 = Release|Any CPU
		{7216B9D2-1629-48FA-B6B5-E1A7FD101011}.NW18|x64.ActiveCfg = Release|Any CPU
		{7216B9D2-1629-48FA-B6B5-E1A7FD101011}.NW18|x64.Build.0 = Release|Any CPU
		{7216B9D2-1629-48FA-B6B5-E1A7FD101011}.NW18|x86.ActiveCfg = Release|Any CPU
		{7216B9D2-1629-48FA-B6B5-E1A7FD101011}.NW18|x86.Build.0 = Release|Any CPU
		{7216B9D2-1629-48FA-B6B5-E1A7FD101011}.NW19|Any CPU.ActiveCfg = Release|Any CPU
		{7216B9D2-1629-48FA-B6B5-E1A7FD101011}.NW19|Any CPU.Build.0 = Release|Any CPU
		{7216B9D2-1629-48FA-B6B5-E1A7FD101011}.NW19|x64.ActiveCfg = Release|Any CPU
		{7216B9D2-1629-48FA-B6B5-E1A7FD101011}.NW19|x64.Build.0 = Release|Any CPU
		{7216B9D2-1629-48FA-B6B5-E1A7FD101011}.NW19|x86.ActiveCfg = Release|Any CPU
		{7216B9D2-1629-48FA-B6B5-E1A7FD101011}.NW19|x86.Build.0 = Release|Any CPU
		{7216B9D2-1629-48FA-B6B5-E1A7FD101011}.NW20|Any CPU.ActiveCfg = Release|Any CPU
		{7216B9D2-1629-48FA-B6B5-E1A7FD101011}.NW20|Any CPU.Build.0 = Release|Any CPU
		{7216B9D2-1629-48FA-B6B5-E1A7FD101011}.NW20|x64.ActiveCfg = Release|Any CPU
		{7216B9D2-1629-48FA-B6B5-E1A7FD101011}.NW20|x64.Build.0 = Release|Any CPU
		{7216B9D2-1629-48FA-B6B5-E1A7FD101011}.NW20|x86.ActiveCfg = Release|Any CPU
		{7216B9D2-1629-48FA-B6B5-E1A7FD101011}.NW20|x86.Build.0 = Release|Any CPU
		{7216B9D2-1629-48FA-B6B5-E1A7FD101011}.NW21|Any CPU.ActiveCfg = Release|Any CPU
		{7216B9D2-1629-48FA-B6B5-E1A7FD101011}.NW21|Any CPU.Build.0 = Release|Any CPU
		{7216B9D2-1629-48FA-B6B5-E1A7FD101011}.NW21|x64.ActiveCfg = Release|Any CPU
		{7216B9D2-1629-48FA-B6B5-E1A7FD101011}.NW21|x64.Build.0 = Release|Any CPU
		{7216B9D2-1629-48FA-B6B5-E1A7FD101011}.NW21|x86.ActiveCfg = Release|Any CPU
		{7216B9D2-1629-48FA-B6B5-E1A7FD101011}.NW21|x86.Build.0 = Release|Any CPU
		{7216B9D2-1629-48FA-B6B5-E1A7FD101011}.NW22|Any CPU.ActiveCfg = Release|Any CPU
		{7216B9D2-1629-48FA-B6B5-E1A7FD101011}.NW22|Any CPU.Build.0 = Release|Any CPU
		{7216B9D2-1629-48FA-B6B5-E1A7FD101011}.NW22|x64.ActiveCfg = Release|Any CPU
		{7216B9D2-1629-48FA-B6B5-E1A7FD101011}.NW22|x64.Build.0 = Release|Any CPU
		{7216B9D2-1629-48FA-B6B5-E1A7FD101011}.NW22|x86.ActiveCfg = Release|Any CPU
		{7216B9D2-1629-48FA-B6B5-E1A7FD101011}.NW22|x86.Build.0 = Release|Any CPU
		{7216B9D2-1629-48FA-B6B5-E1A7FD101011}.NW25|Any CPU.ActiveCfg = Release|Any CPU
		{7216B9D2-1629-48FA-B6B5-E1A7FD101011}.NW25|Any CPU.Build.0 = Release|Any CPU
		{7216B9D2-1629-48FA-B6B5-E1A7FD101011}.NW25|x64.ActiveCfg = Release|Any CPU
		{7216B9D2-1629-48FA-B6B5-E1A7FD101011}.NW25|x64.Build.0 = Release|Any CPU
		{7216B9D2-1629-48FA-B6B5-E1A7FD101011}.NW25|x86.ActiveCfg = Release|Any CPU
		{7216B9D2-1629-48FA-B6B5-E1A7FD101011}.NW25|x86.Build.0 = Release|Any CPU
		{7216B9D2-1629-48FA-B6B5-E1A7FD101011}.Release|Any CPU.ActiveCfg = Release|Any CPU
		{7216B9D2-1629-48FA-B6B5-E1A7FD101011}.Release|x64.ActiveCfg = Release|Any CPU
		{7216B9D2-1629-48FA-B6B5-E1A7FD101011}.Release|x86.ActiveCfg = Release|Any CPU
		{7216B9D2-1629-48FA-B6B5-E1A7FD101011}.Release|x86.Build.0 = Release|Any CPU
		{7216B9D2-1629-48FA-B6B5-E1A7FD101011}.RVT19|Any CPU.ActiveCfg = Release|Any CPU
		{7216B9D2-1629-48FA-B6B5-E1A7FD101011}.RVT19|Any CPU.Build.0 = Release|Any CPU
		{7216B9D2-1629-48FA-B6B5-E1A7FD101011}.RVT19|x64.ActiveCfg = Release|Any CPU
		{7216B9D2-1629-48FA-B6B5-E1A7FD101011}.RVT19|x64.Build.0 = Release|Any CPU
		{7216B9D2-1629-48FA-B6B5-E1A7FD101011}.RVT19|x86.ActiveCfg = Release|Any CPU
		{7216B9D2-1629-48FA-B6B5-E1A7FD101011}.RVT19|x86.Build.0 = Release|Any CPU
		{7216B9D2-1629-48FA-B6B5-E1A7FD101011}.RVT20|Any CPU.ActiveCfg = Release|Any CPU
		{7216B9D2-1629-48FA-B6B5-E1A7FD101011}.RVT20|Any CPU.Build.0 = Release|Any CPU
		{7216B9D2-1629-48FA-B6B5-E1A7FD101011}.RVT20|x64.ActiveCfg = Release|Any CPU
		{7216B9D2-1629-48FA-B6B5-E1A7FD101011}.RVT20|x64.Build.0 = Release|Any CPU
		{7216B9D2-1629-48FA-B6B5-E1A7FD101011}.RVT20|x86.ActiveCfg = Release|Any CPU
		{7216B9D2-1629-48FA-B6B5-E1A7FD101011}.RVT20|x86.Build.0 = Release|Any CPU
		{7216B9D2-1629-48FA-B6B5-E1A7FD101011}.RVT21|Any CPU.ActiveCfg = Release|Any CPU
		{7216B9D2-1629-48FA-B6B5-E1A7FD101011}.RVT21|Any CPU.Build.0 = Release|Any CPU
		{7216B9D2-1629-48FA-B6B5-E1A7FD101011}.RVT21|x64.ActiveCfg = Release|Any CPU
		{7216B9D2-1629-48FA-B6B5-E1A7FD101011}.RVT21|x64.Build.0 = Release|Any CPU
		{7216B9D2-1629-48FA-B6B5-E1A7FD101011}.RVT21|x86.ActiveCfg = Release|Any CPU
		{7216B9D2-1629-48FA-B6B5-E1A7FD101011}.RVT21|x86.Build.0 = Release|Any CPU
		{7216B9D2-1629-48FA-B6B5-E1A7FD101011}.RVT22|Any CPU.ActiveCfg = Release|Any CPU
		{7216B9D2-1629-48FA-B6B5-E1A7FD101011}.RVT22|Any CPU.Build.0 = Release|Any CPU
		{7216B9D2-1629-48FA-B6B5-E1A7FD101011}.RVT22|x64.ActiveCfg = Release|Any CPU
		{7216B9D2-1629-48FA-B6B5-E1A7FD101011}.RVT22|x64.Build.0 = Release|Any CPU
		{7216B9D2-1629-48FA-B6B5-E1A7FD101011}.RVT22|x86.ActiveCfg = Release|Any CPU
		{7216B9D2-1629-48FA-B6B5-E1A7FD101011}.RVT22|x86.Build.0 = Release|Any CPU
		{189B8628-FC1D-4260-8AFB-87743DF2D55A}.Debug|Any CPU.ActiveCfg = Debug|Any CPU
		{189B8628-FC1D-4260-8AFB-87743DF2D55A}.Debug|Any CPU.Build.0 = Debug|Any CPU
		{189B8628-FC1D-4260-8AFB-87743DF2D55A}.Debug|x64.ActiveCfg = Debug|Any CPU
		{189B8628-FC1D-4260-8AFB-87743DF2D55A}.Debug|x64.Build.0 = Debug|Any CPU
		{189B8628-FC1D-4260-8AFB-87743DF2D55A}.Debug|x86.ActiveCfg = Debug|Any CPU
		{189B8628-FC1D-4260-8AFB-87743DF2D55A}.Debug|x86.Build.0 = Debug|Any CPU
		{189B8628-FC1D-4260-8AFB-87743DF2D55A}.NW17|Any CPU.ActiveCfg = Release|Any CPU
		{189B8628-FC1D-4260-8AFB-87743DF2D55A}.NW17|Any CPU.Build.0 = Release|Any CPU
		{189B8628-FC1D-4260-8AFB-87743DF2D55A}.NW17|x64.ActiveCfg = Release|Any CPU
		{189B8628-FC1D-4260-8AFB-87743DF2D55A}.NW17|x64.Build.0 = Release|Any CPU
		{189B8628-FC1D-4260-8AFB-87743DF2D55A}.NW17|x86.ActiveCfg = Release|Any CPU
		{189B8628-FC1D-4260-8AFB-87743DF2D55A}.NW17|x86.Build.0 = Release|Any CPU
		{189B8628-FC1D-4260-8AFB-87743DF2D55A}.NW18|Any CPU.ActiveCfg = Release|Any CPU
		{189B8628-FC1D-4260-8AFB-87743DF2D55A}.NW18|Any CPU.Build.0 = Release|Any CPU
		{189B8628-FC1D-4260-8AFB-87743DF2D55A}.NW18|x64.ActiveCfg = Release|Any CPU
		{189B8628-FC1D-4260-8AFB-87743DF2D55A}.NW18|x64.Build.0 = Release|Any CPU
		{189B8628-FC1D-4260-8AFB-87743DF2D55A}.NW18|x86.ActiveCfg = Release|Any CPU
		{189B8628-FC1D-4260-8AFB-87743DF2D55A}.NW18|x86.Build.0 = Release|Any CPU
		{189B8628-FC1D-4260-8AFB-87743DF2D55A}.NW19|Any CPU.ActiveCfg = Release|Any CPU
		{189B8628-FC1D-4260-8AFB-87743DF2D55A}.NW19|Any CPU.Build.0 = Release|Any CPU
		{189B8628-FC1D-4260-8AFB-87743DF2D55A}.NW19|x64.ActiveCfg = Release|Any CPU
		{189B8628-FC1D-4260-8AFB-87743DF2D55A}.NW19|x64.Build.0 = Release|Any CPU
		{189B8628-FC1D-4260-8AFB-87743DF2D55A}.NW19|x86.ActiveCfg = Release|Any CPU
		{189B8628-FC1D-4260-8AFB-87743DF2D55A}.NW19|x86.Build.0 = Release|Any CPU
		{189B8628-FC1D-4260-8AFB-87743DF2D55A}.NW20|Any CPU.ActiveCfg = Release|Any CPU
		{189B8628-FC1D-4260-8AFB-87743DF2D55A}.NW20|Any CPU.Build.0 = Release|Any CPU
		{189B8628-FC1D-4260-8AFB-87743DF2D55A}.NW20|x64.ActiveCfg = Release|Any CPU
		{189B8628-FC1D-4260-8AFB-87743DF2D55A}.NW20|x64.Build.0 = Release|Any CPU
		{189B8628-FC1D-4260-8AFB-87743DF2D55A}.NW20|x86.ActiveCfg = Release|Any CPU
		{189B8628-FC1D-4260-8AFB-87743DF2D55A}.NW20|x86.Build.0 = Release|Any CPU
		{189B8628-FC1D-4260-8AFB-87743DF2D55A}.NW21|Any CPU.ActiveCfg = Release|Any CPU
		{189B8628-FC1D-4260-8AFB-87743DF2D55A}.NW21|Any CPU.Build.0 = Release|Any CPU
		{189B8628-FC1D-4260-8AFB-87743DF2D55A}.NW21|x64.ActiveCfg = Release|Any CPU
		{189B8628-FC1D-4260-8AFB-87743DF2D55A}.NW21|x64.Build.0 = Release|Any CPU
		{189B8628-FC1D-4260-8AFB-87743DF2D55A}.NW21|x86.ActiveCfg = Release|Any CPU
		{189B8628-FC1D-4260-8AFB-87743DF2D55A}.NW21|x86.Build.0 = Release|Any CPU
		{189B8628-FC1D-4260-8AFB-87743DF2D55A}.NW22|Any CPU.ActiveCfg = Release|Any CPU
		{189B8628-FC1D-4260-8AFB-87743DF2D55A}.NW22|Any CPU.Build.0 = Release|Any CPU
		{189B8628-FC1D-4260-8AFB-87743DF2D55A}.NW22|x64.ActiveCfg = Release|Any CPU
		{189B8628-FC1D-4260-8AFB-87743DF2D55A}.NW22|x64.Build.0 = Release|Any CPU
		{189B8628-FC1D-4260-8AFB-87743DF2D55A}.NW22|x86.ActiveCfg = Release|Any CPU
		{189B8628-FC1D-4260-8AFB-87743DF2D55A}.NW22|x86.Build.0 = Release|Any CPU
		{189B8628-FC1D-4260-8AFB-87743DF2D55A}.NW25|Any CPU.ActiveCfg = Release|Any CPU
		{189B8628-FC1D-4260-8AFB-87743DF2D55A}.NW25|Any CPU.Build.0 = Release|Any CPU
		{189B8628-FC1D-4260-8AFB-87743DF2D55A}.NW25|x64.ActiveCfg = Release|Any CPU
		{189B8628-FC1D-4260-8AFB-87743DF2D55A}.NW25|x64.Build.0 = Release|Any CPU
		{189B8628-FC1D-4260-8AFB-87743DF2D55A}.NW25|x86.ActiveCfg = Release|Any CPU
		{189B8628-FC1D-4260-8AFB-87743DF2D55A}.NW25|x86.Build.0 = Release|Any CPU
		{189B8628-FC1D-4260-8AFB-87743DF2D55A}.Release|Any CPU.ActiveCfg = Debug|Any CPU
		{189B8628-FC1D-4260-8AFB-87743DF2D55A}.Release|x64.ActiveCfg = Release|Any CPU
		{189B8628-FC1D-4260-8AFB-87743DF2D55A}.Release|x86.ActiveCfg = Release|Any CPU
		{189B8628-FC1D-4260-8AFB-87743DF2D55A}.Release|x86.Build.0 = Release|Any CPU
		{189B8628-FC1D-4260-8AFB-87743DF2D55A}.RVT19|Any CPU.ActiveCfg = Debug|Any CPU
		{189B8628-FC1D-4260-8AFB-87743DF2D55A}.RVT19|x64.ActiveCfg = Release|Any CPU
		{189B8628-FC1D-4260-8AFB-87743DF2D55A}.RVT19|x64.Build.0 = Release|Any CPU
		{189B8628-FC1D-4260-8AFB-87743DF2D55A}.RVT19|x86.ActiveCfg = Release|Any CPU
		{189B8628-FC1D-4260-8AFB-87743DF2D55A}.RVT19|x86.Build.0 = Release|Any CPU
		{189B8628-FC1D-4260-8AFB-87743DF2D55A}.RVT20|Any CPU.ActiveCfg = Debug|Any CPU
		{189B8628-FC1D-4260-8AFB-87743DF2D55A}.RVT20|x64.ActiveCfg = Release|Any CPU
		{189B8628-FC1D-4260-8AFB-87743DF2D55A}.RVT20|x64.Build.0 = Release|Any CPU
		{189B8628-FC1D-4260-8AFB-87743DF2D55A}.RVT20|x86.ActiveCfg = Release|Any CPU
		{189B8628-FC1D-4260-8AFB-87743DF2D55A}.RVT20|x86.Build.0 = Release|Any CPU
		{189B8628-FC1D-4260-8AFB-87743DF2D55A}.RVT21|Any CPU.ActiveCfg = Debug|Any CPU
		{189B8628-FC1D-4260-8AFB-87743DF2D55A}.RVT21|x64.ActiveCfg = Release|Any CPU
		{189B8628-FC1D-4260-8AFB-87743DF2D55A}.RVT21|x64.Build.0 = Release|Any CPU
		{189B8628-FC1D-4260-8AFB-87743DF2D55A}.RVT21|x86.ActiveCfg = Release|Any CPU
		{189B8628-FC1D-4260-8AFB-87743DF2D55A}.RVT21|x86.Build.0 = Release|Any CPU
		{189B8628-FC1D-4260-8AFB-87743DF2D55A}.RVT22|Any CPU.ActiveCfg = Debug|Any CPU
		{189B8628-FC1D-4260-8AFB-87743DF2D55A}.RVT22|x64.ActiveCfg = Release|Any CPU
		{189B8628-FC1D-4260-8AFB-87743DF2D55A}.RVT22|x64.Build.0 = Release|Any CPU
		{189B8628-FC1D-4260-8AFB-87743DF2D55A}.RVT22|x86.ActiveCfg = Release|Any CPU
		{189B8628-FC1D-4260-8AFB-87743DF2D55A}.RVT22|x86.Build.0 = Release|Any CPU
		{E126F216-ABF6-4EC5-B268-CA234FEB41B5}.Debug|Any CPU.ActiveCfg = Debug|Any CPU
		{E126F216-ABF6-4EC5-B268-CA234FEB41B5}.Debug|Any CPU.Build.0 = Debug|Any CPU
		{E126F216-ABF6-4EC5-B268-CA234FEB41B5}.Debug|x64.ActiveCfg = Debug|Any CPU
		{E126F216-ABF6-4EC5-B268-CA234FEB41B5}.Debug|x64.Build.0 = Debug|Any CPU
		{E126F216-ABF6-4EC5-B268-CA234FEB41B5}.Debug|x86.ActiveCfg = Debug|Any CPU
		{E126F216-ABF6-4EC5-B268-CA234FEB41B5}.Debug|x86.Build.0 = Debug|Any CPU
		{E126F216-ABF6-4EC5-B268-CA234FEB41B5}.NW17|Any CPU.ActiveCfg = Release|Any CPU
		{E126F216-ABF6-4EC5-B268-CA234FEB41B5}.NW17|Any CPU.Build.0 = Release|Any CPU
		{E126F216-ABF6-4EC5-B268-CA234FEB41B5}.NW17|x64.ActiveCfg = Release|Any CPU
		{E126F216-ABF6-4EC5-B268-CA234FEB41B5}.NW17|x64.Build.0 = Release|Any CPU
		{E126F216-ABF6-4EC5-B268-CA234FEB41B5}.NW17|x86.ActiveCfg = Release|Any CPU
		{E126F216-ABF6-4EC5-B268-CA234FEB41B5}.NW17|x86.Build.0 = Release|Any CPU
		{E126F216-ABF6-4EC5-B268-CA234FEB41B5}.NW18|Any CPU.ActiveCfg = Release|Any CPU
		{E126F216-ABF6-4EC5-B268-CA234FEB41B5}.NW18|Any CPU.Build.0 = Release|Any CPU
		{E126F216-ABF6-4EC5-B268-CA234FEB41B5}.NW18|x64.ActiveCfg = Release|Any CPU
		{E126F216-ABF6-4EC5-B268-CA234FEB41B5}.NW18|x64.Build.0 = Release|Any CPU
		{E126F216-ABF6-4EC5-B268-CA234FEB41B5}.NW18|x86.ActiveCfg = Release|Any CPU
		{E126F216-ABF6-4EC5-B268-CA234FEB41B5}.NW18|x86.Build.0 = Release|Any CPU
		{E126F216-ABF6-4EC5-B268-CA234FEB41B5}.NW19|Any CPU.ActiveCfg = Release|Any CPU
		{E126F216-ABF6-4EC5-B268-CA234FEB41B5}.NW19|Any CPU.Build.0 = Release|Any CPU
		{E126F216-ABF6-4EC5-B268-CA234FEB41B5}.NW19|x64.ActiveCfg = Release|Any CPU
		{E126F216-ABF6-4EC5-B268-CA234FEB41B5}.NW19|x64.Build.0 = Release|Any CPU
		{E126F216-ABF6-4EC5-B268-CA234FEB41B5}.NW19|x86.ActiveCfg = Release|Any CPU
		{E126F216-ABF6-4EC5-B268-CA234FEB41B5}.NW19|x86.Build.0 = Release|Any CPU
		{E126F216-ABF6-4EC5-B268-CA234FEB41B5}.NW20|Any CPU.ActiveCfg = Release|Any CPU
		{E126F216-ABF6-4EC5-B268-CA234FEB41B5}.NW20|Any CPU.Build.0 = Release|Any CPU
		{E126F216-ABF6-4EC5-B268-CA234FEB41B5}.NW20|x64.ActiveCfg = Release|Any CPU
		{E126F216-ABF6-4EC5-B268-CA234FEB41B5}.NW20|x64.Build.0 = Release|Any CPU
		{E126F216-ABF6-4EC5-B268-CA234FEB41B5}.NW20|x86.ActiveCfg = Release|Any CPU
		{E126F216-ABF6-4EC5-B268-CA234FEB41B5}.NW20|x86.Build.0 = Release|Any CPU
		{E126F216-ABF6-4EC5-B268-CA234FEB41B5}.NW21|Any CPU.ActiveCfg = Release|Any CPU
		{E126F216-ABF6-4EC5-B268-CA234FEB41B5}.NW21|Any CPU.Build.0 = Release|Any CPU
		{E126F216-ABF6-4EC5-B268-CA234FEB41B5}.NW21|x64.ActiveCfg = Release|Any CPU
		{E126F216-ABF6-4EC5-B268-CA234FEB41B5}.NW21|x64.Build.0 = Release|Any CPU
		{E126F216-ABF6-4EC5-B268-CA234FEB41B5}.NW21|x86.ActiveCfg = Release|Any CPU
		{E126F216-ABF6-4EC5-B268-CA234FEB41B5}.NW21|x86.Build.0 = Release|Any CPU
		{E126F216-ABF6-4EC5-B268-CA234FEB41B5}.NW22|Any CPU.ActiveCfg = Release|Any CPU
		{E126F216-ABF6-4EC5-B268-CA234FEB41B5}.NW22|Any CPU.Build.0 = Release|Any CPU
		{E126F216-ABF6-4EC5-B268-CA234FEB41B5}.NW22|x64.ActiveCfg = Release|Any CPU
		{E126F216-ABF6-4EC5-B268-CA234FEB41B5}.NW22|x64.Build.0 = Release|Any CPU
		{E126F216-ABF6-4EC5-B268-CA234FEB41B5}.NW22|x86.ActiveCfg = Release|Any CPU
		{E126F216-ABF6-4EC5-B268-CA234FEB41B5}.NW22|x86.Build.0 = Release|Any CPU
		{E126F216-ABF6-4EC5-B268-CA234FEB41B5}.NW25|Any CPU.ActiveCfg = Release|Any CPU
		{E126F216-ABF6-4EC5-B268-CA234FEB41B5}.NW25|Any CPU.Build.0 = Release|Any CPU
		{E126F216-ABF6-4EC5-B268-CA234FEB41B5}.NW25|x64.ActiveCfg = Release|Any CPU
		{E126F216-ABF6-4EC5-B268-CA234FEB41B5}.NW25|x64.Build.0 = Release|Any CPU
		{E126F216-ABF6-4EC5-B268-CA234FEB41B5}.NW25|x86.ActiveCfg = Release|Any CPU
		{E126F216-ABF6-4EC5-B268-CA234FEB41B5}.NW25|x86.Build.0 = Release|Any CPU
		{E126F216-ABF6-4EC5-B268-CA234FEB41B5}.Release|Any CPU.ActiveCfg = Release|Any CPU
		{E126F216-ABF6-4EC5-B268-CA234FEB41B5}.Release|x64.ActiveCfg = Release|Any CPU
		{E126F216-ABF6-4EC5-B268-CA234FEB41B5}.Release|x86.ActiveCfg = Release|Any CPU
		{E126F216-ABF6-4EC5-B268-CA234FEB41B5}.Release|x86.Build.0 = Release|Any CPU
		{E126F216-ABF6-4EC5-B268-CA234FEB41B5}.RVT19|Any CPU.ActiveCfg = Release|Any CPU
		{E126F216-ABF6-4EC5-B268-CA234FEB41B5}.RVT19|Any CPU.Build.0 = Release|Any CPU
		{E126F216-ABF6-4EC5-B268-CA234FEB41B5}.RVT19|x64.ActiveCfg = Release|Any CPU
		{E126F216-ABF6-4EC5-B268-CA234FEB41B5}.RVT19|x64.Build.0 = Release|Any CPU
		{E126F216-ABF6-4EC5-B268-CA234FEB41B5}.RVT19|x86.ActiveCfg = Release|Any CPU
		{E126F216-ABF6-4EC5-B268-CA234FEB41B5}.RVT19|x86.Build.0 = Release|Any CPU
		{E126F216-ABF6-4EC5-B268-CA234FEB41B5}.RVT20|Any CPU.ActiveCfg = Release|Any CPU
		{E126F216-ABF6-4EC5-B268-CA234FEB41B5}.RVT20|Any CPU.Build.0 = Release|Any CPU
		{E126F216-ABF6-4EC5-B268-CA234FEB41B5}.RVT20|x64.ActiveCfg = Release|Any CPU
		{E126F216-ABF6-4EC5-B268-CA234FEB41B5}.RVT20|x64.Build.0 = Release|Any CPU
		{E126F216-ABF6-4EC5-B268-CA234FEB41B5}.RVT20|x86.ActiveCfg = Release|Any CPU
		{E126F216-ABF6-4EC5-B268-CA234FEB41B5}.RVT20|x86.Build.0 = Release|Any CPU
		{E126F216-ABF6-4EC5-B268-CA234FEB41B5}.RVT21|Any CPU.ActiveCfg = Release|Any CPU
		{E126F216-ABF6-4EC5-B268-CA234FEB41B5}.RVT21|Any CPU.Build.0 = Release|Any CPU
		{E126F216-ABF6-4EC5-B268-CA234FEB41B5}.RVT21|x64.ActiveCfg = Release|Any CPU
		{E126F216-ABF6-4EC5-B268-CA234FEB41B5}.RVT21|x64.Build.0 = Release|Any CPU
		{E126F216-ABF6-4EC5-B268-CA234FEB41B5}.RVT21|x86.ActiveCfg = Release|Any CPU
		{E126F216-ABF6-4EC5-B268-CA234FEB41B5}.RVT21|x86.Build.0 = Release|Any CPU
		{E126F216-ABF6-4EC5-B268-CA234FEB41B5}.RVT22|Any CPU.ActiveCfg = Release|Any CPU
		{E126F216-ABF6-4EC5-B268-CA234FEB41B5}.RVT22|Any CPU.Build.0 = Release|Any CPU
		{E126F216-ABF6-4EC5-B268-CA234FEB41B5}.RVT22|x64.ActiveCfg = Release|Any CPU
		{E126F216-ABF6-4EC5-B268-CA234FEB41B5}.RVT22|x64.Build.0 = Release|Any CPU
		{E126F216-ABF6-4EC5-B268-CA234FEB41B5}.RVT22|x86.ActiveCfg = Release|Any CPU
		{E126F216-ABF6-4EC5-B268-CA234FEB41B5}.RVT22|x86.Build.0 = Release|Any CPU
	EndGlobalSection
	GlobalSection(SolutionProperties) = preSolution
		HideSolutionNode = FALSE
	EndGlobalSection
	GlobalSection(NestedProjects) = preSolution
		{F88230E4-992A-4488-B41D-A82871F3722F} = {AC947A98-3F53-4E3A-B897-1DA63C9228AE}
		{C26B6AFB-D064-428D-839B-D88B12E8880C} = {AC947A98-3F53-4E3A-B897-1DA63C9228AE}
		{10166A2D-B6AD-4C5E-BAB5-EF3E4780ECA2} = {AC947A98-3F53-4E3A-B897-1DA63C9228AE}
	EndGlobalSection
	GlobalSection(ExtensibilityGlobals) = postSolution
		SolutionGuid = {64527C4B-4D0C-4E6C-8C22-BDADCB10CF9D}
	EndGlobalSection
EndGlobal
